PODS:
  - boost-for-react-native (1.63.0)
  - DoubleConversion (1.1.6)
  - Folly (2018.10.22.00):
    - boost-for-react-native
    - DoubleConversion
    - Folly/Default (= 2018.10.22.00)
    - glog
  - Folly/Default (2018.10.22.00):
    - boost-for-react-native
    - DoubleConversion
    - glog
  - glog (0.3.5)
  - RCTRestart (0.0.12):
    - React
  - RCTSystemSetting (1.7.2):
    - React
  - React (0.60.0):
    - React-Core (= 0.60.0)
    - React-DevSupport (= 0.60.0)
    - React-RCTActionSheet (= 0.60.0)
    - React-RCTAnimation (= 0.60.0)
    - React-RCTBlob (= 0.60.0)
    - React-RCTImage (= 0.60.0)
    - React-RCTLinking (= 0.60.0)
    - React-RCTNetwork (= 0.60.0)
    - React-RCTSettings (= 0.60.0)
    - React-RCTText (= 0.60.0)
    - React-RCTVibration (= 0.60.0)
    - React-RCTWebSocket (= 0.60.0)
  - React-ART (0.60.0):
    - React-Core (= 0.60.0)
  - React-Core (0.60.0):
    - Folly (= 2018.10.22.00)
    - React-cxxreact (= 0.60.0)
    - React-jsiexecutor (= 0.60.0)
    - yoga (= 0.60.0.React)
  - React-cxxreact (0.60.0):
    - boost-for-react-native (= 1.63.0)
    - DoubleConversion
    - Folly (= 2018.10.22.00)
    - glog
    - React-jsinspector (= 0.60.0)
  - React-DevSupport (0.60.0):
    - React-Core (= 0.60.0)
    - React-RCTWebSocket (= 0.60.0)
  - React-fishhook (0.60.0)
  - React-jsi (0.60.0):
    - boost-for-react-native (= 1.63.0)
    - DoubleConversion
    - Folly (= 2018.10.22.00)
    - glog
    - React-jsi/Default (= 0.60.0)
  - React-jsi/Default (0.60.0):
    - boost-for-react-native (= 1.63.0)
    - DoubleConversion
    - Folly (= 2018.10.22.00)
    - glog
  - React-jsiexecutor (0.60.0):
    - DoubleConversion
    - Folly (= 2018.10.22.00)
    - glog
    - React-cxxreact (= 0.60.0)
    - React-jsi (= 0.60.0)
  - React-jsinspector (0.60.0)
  - react-native-exit-app (1.0.0):
    - React
  - react-native-maps (0.25.0):
    - React
  - React-RCTActionSheet (0.60.0):
    - React-Core (= 0.60.0)
  - React-RCTAnimation (0.60.0):
    - React-Core (= 0.60.0)
  - React-RCTBlob (0.60.0):
    - React-Core (= 0.60.0)
    - React-RCTNetwork (= 0.60.0)
    - React-RCTWebSocket (= 0.60.0)
  - React-RCTImage (0.60.0):
    - React-Core (= 0.60.0)
    - React-RCTNetwork (= 0.60.0)
  - React-RCTLinking (0.60.0):
    - React-Core (= 0.60.0)
  - React-RCTNetwork (0.60.0):
    - React-Core (= 0.60.0)
  - React-RCTSettings (0.60.0):
    - React-Core (= 0.60.0)
  - React-RCTText (0.60.0):
    - React-Core (= 0.60.0)
  - React-RCTVibration (0.60.0):
    - React-Core (= 0.60.0)
  - React-RCTWebSocket (0.60.0):
    - React-Core (= 0.60.0)
    - React-fishhook (= 0.60.0)
  - ReactNativeExceptionHandler (2.10.8):
    - React
  - RNDeviceInfo (2.2.2):
    - React
  - RNGestureHandler (1.3.0):
    - React
  - RNKeychain (3.1.3):
    - React
  - RNSVG (9.5.3):
    - React
  - RNVectorIcons (6.6.0):
    - React
  - yoga (0.60.0.React)

DEPENDENCIES:
  - DoubleConversion (from `../node_modules/react-native/third-party-podspecs/DoubleConversion.podspec`)
  - Folly (from `../node_modules/react-native/third-party-podspecs/Folly.podspec`)
  - glog (from `../node_modules/react-native/third-party-podspecs/glog.podspec`)
  - RCTRestart (from `../node_modules/react-native-restart/ios`)
  - RCTSystemSetting (from `../node_modules/react-native-system-setting`)
  - React (from `../node_modules/react-native`)
  - React-ART (from `../node_modules/react-native/Libraries/ART`)
  - React-Core (from `../node_modules/react-native/React`)
  - React-cxxreact (from `../node_modules/react-native/ReactCommon/cxxreact`)
  - React-DevSupport (from `../node_modules/react-native/React`)
  - React-fishhook (from `../node_modules/react-native/Libraries/fishhook`)
  - React-jsi (from `../node_modules/react-native/ReactCommon/jsi`)
  - React-jsiexecutor (from `../node_modules/react-native/ReactCommon/jsiexecutor`)
  - React-jsinspector (from `../node_modules/react-native/ReactCommon/jsinspector`)
  - react-native-exit-app (from `../node_modules/react-native-exit-app/ios`)
  - react-native-maps (from `../node_modules/react-native-maps`)
  - React-RCTActionSheet (from `../node_modules/react-native/Libraries/ActionSheetIOS`)
  - React-RCTAnimation (from `../node_modules/react-native/Libraries/NativeAnimation`)
  - React-RCTBlob (from `../node_modules/react-native/Libraries/Blob`)
  - React-RCTImage (from `../node_modules/react-native/Libraries/Image`)
  - React-RCTLinking (from `../node_modules/react-native/Libraries/LinkingIOS`)
  - React-RCTNetwork (from `../node_modules/react-native/Libraries/Network`)
  - React-RCTSettings (from `../node_modules/react-native/Libraries/Settings`)
  - React-RCTText (from `../node_modules/react-native/Libraries/Text`)
  - React-RCTVibration (from `../node_modules/react-native/Libraries/Vibration`)
  - React-RCTWebSocket (from `../node_modules/react-native/Libraries/WebSocket`)
  - ReactNativeExceptionHandler (from `../node_modules/react-native-exception-handler`)
  - RNDeviceInfo (from `../node_modules/react-native-device-info`)
  - RNGestureHandler (from `../node_modules/react-native-gesture-handler`)
  - RNKeychain (from `../node_modules/react-native-keychain`)
  - RNSVG (from `../node_modules/react-native-svg`)
  - RNVectorIcons (from `../node_modules/react-native-vector-icons`)
  - yoga (from `../node_modules/react-native/ReactCommon/yoga`)

SPEC REPOS:
  https://github.com/cocoapods/specs.git:
    - boost-for-react-native

EXTERNAL SOURCES:
  DoubleConversion:
    :podspec: "../node_modules/react-native/third-party-podspecs/DoubleConversion.podspec"
  Folly:
    :podspec: "../node_modules/react-native/third-party-podspecs/Folly.podspec"
  glog:
    :podspec: "../node_modules/react-native/third-party-podspecs/glog.podspec"
  RCTRestart:
    :path: "../node_modules/react-native-restart/ios"
  RCTSystemSetting:
    :path: "../node_modules/react-native-system-setting"
  React:
    :path: "../node_modules/react-native"
  React-ART:
    :path: "../node_modules/react-native/Libraries/ART"
  React-Core:
    :path: "../node_modules/react-native/React"
  React-cxxreact:
    :path: "../node_modules/react-native/ReactCommon/cxxreact"
  React-DevSupport:
    :path: "../node_modules/react-native/React"
  React-fishhook:
    :path: "../node_modules/react-native/Libraries/fishhook"
  React-jsi:
    :path: "../node_modules/react-native/ReactCommon/jsi"
  React-jsiexecutor:
    :path: "../node_modules/react-native/ReactCommon/jsiexecutor"
  React-jsinspector:
    :path: "../node_modules/react-native/ReactCommon/jsinspector"
  react-native-exit-app:
    :path: "../node_modules/react-native-exit-app/ios"
  react-native-maps:
    :path: "../node_modules/react-native-maps"
  React-RCTActionSheet:
    :path: "../node_modules/react-native/Libraries/ActionSheetIOS"
  React-RCTAnimation:
    :path: "../node_modules/react-native/Libraries/NativeAnimation"
  React-RCTBlob:
    :path: "../node_modules/react-native/Libraries/Blob"
  React-RCTImage:
    :path: "../node_modules/react-native/Libraries/Image"
  React-RCTLinking:
    :path: "../node_modules/react-native/Libraries/LinkingIOS"
  React-RCTNetwork:
    :path: "../node_modules/react-native/Libraries/Network"
  React-RCTSettings:
    :path: "../node_modules/react-native/Libraries/Settings"
  React-RCTText:
    :path: "../node_modules/react-native/Libraries/Text"
  React-RCTVibration:
    :path: "../node_modules/react-native/Libraries/Vibration"
  React-RCTWebSocket:
    :path: "../node_modules/react-native/Libraries/WebSocket"
  ReactNativeExceptionHandler:
    :path: "../node_modules/react-native-exception-handler"
  RNDeviceInfo:
    :path: "../node_modules/react-native-device-info"
  RNGestureHandler:
    :path: "../node_modules/react-native-gesture-handler"
  RNKeychain:
    :path: "../node_modules/react-native-keychain"
  RNSVG:
    :path: "../node_modules/react-native-svg"
  RNVectorIcons:
    :path: "../node_modules/react-native-vector-icons"
  yoga:
    :path: "../node_modules/react-native/ReactCommon/yoga"

SPEC CHECKSUMS:
  boost-for-react-native: 39c7adb57c4e60d6c5479dd8623128eb5b3f0f2c
  DoubleConversion: 5805e889d232975c086db112ece9ed034df7a0b2
  Folly: 30e7936e1c45c08d884aa59369ed951a8e68cf51
  glog: 1f3da668190260b06b429bb211bfbee5cd790c28
  RCTRestart: 59fa9d918cb1ea27676a73168757ca13153126ea
  RCTSystemSetting: 9279ff44c49bb4fb0a5d335a0851852c8f3eda99
  React: 4b3c068e793e96672dcd186a2b572fac43e4b031
  React-ART: e1929bca49c7c30161aee54e7619a096477f7b23
  React-Core: 3dc86b22920597f813c62a96db3165950b64826b
  React-cxxreact: 0dacb291e59b81e7c3f22a2118bee853ba8a60d2
  React-DevSupport: 4eb4135386acd10c2586cc9c759bf96b4dac035e
  React-fishhook: 86ca737527bb9d860efbb943c11c729a5b69aa3d
  React-jsi: 8e128c4d0d8febc2977ef617d1c09bb54326069c
  React-jsiexecutor: 7a3554f703a58963ec80b860144ea0f0e9b910e1
  React-jsinspector: d4ed52225912efe0019bb7f1a225aec20f23049a
  react-native-exit-app: 6ece42df0e5ac9b89a329525b1e77ed3f75d4182
  react-native-maps: 190c02ca533fddac5bb49cf17bdece3644612107
  React-RCTActionSheet: b27ff3cf3a68f917c46d2b94abf938b625b96570
  React-RCTAnimation: 9e4708e5bd65fca8285ce7c0aa076f3f4fa5c2f8
  React-RCTBlob: 6eafcc3a24f33785692a7be24918ade607bc8719
  React-RCTImage: 46b965d7225b428ea11580ead08a4318aef1d6be
  React-RCTLinking: d65b9f56cf0b8e171575a86764df7bb019ac28d6
  React-RCTNetwork: 783ee2f430740e58f724e46adc79fe7feff64202
  React-RCTSettings: aa28315aadfbfaf94206d865673ae509f1e97c07
  React-RCTText: 685fca2e13b024271048e7e247ef24476f28a41e
  React-RCTVibration: 4ee1cf208ab17a50fafb1c16ffe28fe594a64e4f
  React-RCTWebSocket: fca087d583724aa0e5fef7d911f0f2a28d0f2736
  ReactNativeExceptionHandler: 8025d98049c25f186835a3af732dd7c9974d6dce
  RNDeviceInfo: a88be26a64ada7cbc2bc0ebbd1662d340304874e
  RNGestureHandler: 5329a942fce3d41c68b84c2c2276ce06a696d8b0
  RNKeychain: c658833a9cb2cbcba6423bdd6e16cce59e27da0e
  RNSVG: 90c76b7cf235654d45e54655b6c189ea4041057c
  RNVectorIcons: 0bb4def82230be1333ddaeee9fcba45f0b288ed4
  yoga: 616fde658be980aa60a2158835170f3f9c2d04b4

PODFILE CHECKSUM: 510ae476ed12378c8ad06a49759f18a1c8039818

COCOAPODS: 1.6.0
