// !$*UTF8*$!
{
	archiveVersion = 1;
	classes = {
	};
	objectVersion = 46;
	objects = {

/* Begin PBXBuildFile section */
		00C302E51ABCBA2D00DB3ED1 /* libRCTActionSheet.a in Frameworks */ = {isa = PBXBuildFile; fileRef = 00C302AC1ABCB8CE00DB3ED1 /* libRCTActionSheet.a */; };
		00C302E71ABCBA2D00DB3ED1 /* libRCTGeolocation.a in Frameworks */ = {isa = PBXBuildFile; fileRef = 00C302BA1ABCB90400DB3ED1 /* libRCTGeolocation.a */; };
		00C302E81ABCBA2D00DB3ED1 /* libRCTImage.a in Frameworks */ = {isa = PBXBuildFile; fileRef = 00C302C01ABCB91800DB3ED1 /* libRCTImage.a */; };
		00C302E91ABCBA2D00DB3ED1 /* libRCTNetwork.a in Frameworks */ = {isa = PBXBuildFile; fileRef = 00C302DC1ABCB9D200DB3ED1 /* libRCTNetwork.a */; };
		00C302EA1ABCBA2D00DB3ED1 /* libRCTVibration.a in Frameworks */ = {isa = PBXBuildFile; fileRef = 00C302E41ABCB9EE00DB3ED1 /* libRCTVibration.a */; };
		00E356F31AD99517003FC87E /* CampusMobileTests.m in Sources */ = {isa = PBXBuildFile; fileRef = 00E356F21AD99517003FC87E /* CampusMobileTests.m */; };
		0A7E0B7937A5AEB1D2C82710 /* libPods-CampusMobile.a in Frameworks */ = {isa = PBXBuildFile; fileRef = BDF39921923FD9AE19A17B62 /* libPods-CampusMobile.a */; };
		133E29F31AD74F7200F7D852 /* libRCTLinking.a in Frameworks */ = {isa = PBXBuildFile; fileRef = 78C398B91ACF4ADC00677621 /* libRCTLinking.a */; };
		139105C61AF99C1200B5F7CC /* libRCTSettings.a in Frameworks */ = {isa = PBXBuildFile; fileRef = 139105C11AF99BAD00B5F7CC /* libRCTSettings.a */; };
		139FDEF61B0652A700C62182 /* libRCTWebSocket.a in Frameworks */ = {isa = PBXBuildFile; fileRef = 139FDEF41B06529B00C62182 /* libRCTWebSocket.a */; };
		13B07FBC1A68108700A75B9A /* AppDelegate.m in Sources */ = {isa = PBXBuildFile; fileRef = 13B07FB01A68108700A75B9A /* AppDelegate.m */; };
		13B07FBD1A68108700A75B9A /* LaunchScreen.xib in Resources */ = {isa = PBXBuildFile; fileRef = 13B07FB11A68108700A75B9A /* LaunchScreen.xib */; };
		13B07FBF1A68108700A75B9A /* Images.xcassets in Resources */ = {isa = PBXBuildFile; fileRef = 13B07FB51A68108700A75B9A /* Images.xcassets */; };
		13B07FC11A68108700A75B9A /* main.m in Sources */ = {isa = PBXBuildFile; fileRef = 13B07FB71A68108700A75B9A /* main.m */; };
		140ED2AC1D01E1AD002B40FF /* libReact.a in Frameworks */ = {isa = PBXBuildFile; fileRef = 146834041AC3E56700842450 /* libReact.a */; };
		146834051AC3E58100842450 /* libReact.a in Frameworks */ = {isa = PBXBuildFile; fileRef = 146834041AC3E56700842450 /* libReact.a */; };
		17B8CEC0F8F8468B833E8FEC /* Octicons.ttf in Resources */ = {isa = PBXBuildFile; fileRef = 209446A1B48243E4908C1EE6 /* Octicons.ttf */; };
		2AC9B1390FDA44F4AAE36696 /* Ionicons.ttf in Resources */ = {isa = PBXBuildFile; fileRef = 345816380C0240E591958654 /* Ionicons.ttf */; };
		40A90CF67B5B4716BEF1A51D /* Foundation.ttf in Resources */ = {isa = PBXBuildFile; fileRef = 81318A2331B044CE89553504 /* Foundation.ttf */; };
		4C589EA5405841C194902100 /* SimpleLineIcons.ttf in Resources */ = {isa = PBXBuildFile; fileRef = 8217BDD6BC944E17902CAB5B /* SimpleLineIcons.ttf */; };
		52DB1BFEA1B14C05A1B4A254 /* libRNVectorIcons.a in Frameworks */ = {isa = PBXBuildFile; fileRef = 419EFBF27EDA4088A87FA053 /* libRNVectorIcons.a */; };
		5E9157361DD0AC6A00FF2AA8 /* libRCTAnimation.a in Frameworks */ = {isa = PBXBuildFile; fileRef = 5E9157331DD0AC6500FF2AA8 /* libRCTAnimation.a */; };
		696A8EABA3114AA78FC811D7 /* MaterialIcons.ttf in Resources */ = {isa = PBXBuildFile; fileRef = 51026162A45F46EA8ACAE0DF /* MaterialIcons.ttf */; };
		6F934550823F4CFD86B25746 /* EvilIcons.ttf in Resources */ = {isa = PBXBuildFile; fileRef = F7254090E6674745978B1B33 /* EvilIcons.ttf */; };
		77ECC3611EE5D683008210F8 /* MaterialCommunityIcons.ttf in Resources */ = {isa = PBXBuildFile; fileRef = 438ACEC02613496CA7B66FAC /* MaterialCommunityIcons.ttf */; };
		77FB3C831E4A5B3900A80D5E /* CoreData.framework in Frameworks */ = {isa = PBXBuildFile; fileRef = 77FB3C821E4A5B3900A80D5E /* CoreData.framework */; };
		77FB3C9D1E4A5B4300A80D5E /* SystemConfiguration.framework in Frameworks */ = {isa = PBXBuildFile; fileRef = 77FB3C9C1E4A5B4300A80D5E /* SystemConfiguration.framework */; };
		77FB3C9F1E4A5B5000A80D5E /* libsqlite3.0.tbd in Frameworks */ = {isa = PBXBuildFile; fileRef = 77FB3C9E1E4A5B5000A80D5E /* libsqlite3.0.tbd */; };
		794AD000FF0D404F8970FD2F /* libReactNativePermissions.a in Frameworks */ = {isa = PBXBuildFile; fileRef = 31AE55DB6DB24D3DBD92AE7B /* libReactNativePermissions.a */; };
		7F675770ECCB4CE4855E32D3 /* libRNExitApp.a in Frameworks */ = {isa = PBXBuildFile; fileRef = 10F78DC5F4094514B0044F7D /* libRNExitApp.a */; };
		832341BD1AAA6AB300B99B32 /* libRCTText.a in Frameworks */ = {isa = PBXBuildFile; fileRef = 832341B51AAA6A8300B99B32 /* libRCTText.a */; };
		9D41EEE0777A48D58B46B7B3 /* Zocial.ttf in Resources */ = {isa = PBXBuildFile; fileRef = 09B033EA52B4477EB56B9BD1 /* Zocial.ttf */; };
		A2803A699B484E538CC04625 /* libRNDeviceInfo.a in Frameworks */ = {isa = PBXBuildFile; fileRef = 57CFEB6444DC4677BF1A6FB4 /* libRNDeviceInfo.a */; };
		A51B64909F824363A7000E16 /* Entypo.ttf in Resources */ = {isa = PBXBuildFile; fileRef = B6E16EA9C16C40E98CEDDECF /* Entypo.ttf */; };
		A62747CCACBA436E8CD8EC91 /* libRNKeychain.a in Frameworks */ = {isa = PBXBuildFile; fileRef = 15FAAD4827B242F08094EB9C /* libRNKeychain.a */; };
		AC7E2F282770419C8EC64B53 /* libRCTGoogleAnalyticsBridge.a in Frameworks */ = {isa = PBXBuildFile; fileRef = D08B1B04C00A4AD1B80B90B9 /* libRCTGoogleAnalyticsBridge.a */; };
		B038C13A14254577953C72B8 /* FontAwesome.ttf in Resources */ = {isa = PBXBuildFile; fileRef = 7EBAB6CB20F44CE9ACEB2432 /* FontAwesome.ttf */; };
		B600A3F11F0425AD005CDF85 /* GoogleService-Info.plist in Resources */ = {isa = PBXBuildFile; fileRef = B600A3F01F0425AD005CDF85 /* GoogleService-Info.plist */; };
		B600A3F21F0425AD005CDF85 /* GoogleService-Info.plist in Resources */ = {isa = PBXBuildFile; fileRef = B600A3F01F0425AD005CDF85 /* GoogleService-Info.plist */; };
		D4630D4FAAB243909328449B /* libAirMaps.a in Frameworks */ = {isa = PBXBuildFile; fileRef = D6F67199F8CA4B4D9433DED4 /* libAirMaps.a */; };
		D479B584928944A1B4DA2B7A /* libLRDRCTSimpleToast.a in Frameworks */ = {isa = PBXBuildFile; fileRef = 1062771EF3AA479291C7BFA9 /* libLRDRCTSimpleToast.a */; };
		E91CC56C5BA449EDA2B60F56 /* libRNCookieManagerIOS.a in Frameworks */ = {isa = PBXBuildFile; fileRef = 24B29F3C33224E7493514346 /* libRNCookieManagerIOS.a */; };
		F39704B1803340DEBE51D7E7 /* libRNFIRMessaging.a in Frameworks */ = {isa = PBXBuildFile; fileRef = 7FC8FBD8CF474ED0AAB246CD /* libRNFIRMessaging.a */; };
		F979D7E01F017E760061C674 /* libz.tbd in Frameworks */ = {isa = PBXBuildFile; fileRef = F979D7DF1F017E760061C674 /* libz.tbd */; };
/* End PBXBuildFile section */

/* Begin PBXContainerItemProxy section */
		00C302AB1ABCB8CE00DB3ED1 /* PBXContainerItemProxy */ = {
			isa = PBXContainerItemProxy;
			containerPortal = 00C302A71ABCB8CE00DB3ED1 /* RCTActionSheet.xcodeproj */;
			proxyType = 2;
			remoteGlobalIDString = 134814201AA4EA6300B7C361;
			remoteInfo = RCTActionSheet;
		};
		00C302B91ABCB90400DB3ED1 /* PBXContainerItemProxy */ = {
			isa = PBXContainerItemProxy;
			containerPortal = 00C302B51ABCB90400DB3ED1 /* RCTGeolocation.xcodeproj */;
			proxyType = 2;
			remoteGlobalIDString = 134814201AA4EA6300B7C361;
			remoteInfo = RCTGeolocation;
		};
		00C302BF1ABCB91800DB3ED1 /* PBXContainerItemProxy */ = {
			isa = PBXContainerItemProxy;
			containerPortal = 00C302BB1ABCB91800DB3ED1 /* RCTImage.xcodeproj */;
			proxyType = 2;
			remoteGlobalIDString = 58B5115D1A9E6B3D00147676;
			remoteInfo = RCTImage;
		};
		00C302DB1ABCB9D200DB3ED1 /* PBXContainerItemProxy */ = {
			isa = PBXContainerItemProxy;
			containerPortal = 00C302D31ABCB9D200DB3ED1 /* RCTNetwork.xcodeproj */;
			proxyType = 2;
			remoteGlobalIDString = 58B511DB1A9E6C8500147676;
			remoteInfo = RCTNetwork;
		};
		00C302E31ABCB9EE00DB3ED1 /* PBXContainerItemProxy */ = {
			isa = PBXContainerItemProxy;
			containerPortal = 00C302DF1ABCB9EE00DB3ED1 /* RCTVibration.xcodeproj */;
			proxyType = 2;
			remoteGlobalIDString = 832C81801AAF6DEF007FA2F7;
			remoteInfo = RCTVibration;
		};
		00E356F41AD99517003FC87E /* PBXContainerItemProxy */ = {
			isa = PBXContainerItemProxy;
			containerPortal = 83CBB9F71A601CBA00E9B192 /* Project object */;
			proxyType = 1;
			remoteGlobalIDString = 13B07F861A680F5B00A75B9A;
			remoteInfo = CampusMobile;
		};
		139105C01AF99BAD00B5F7CC /* PBXContainerItemProxy */ = {
			isa = PBXContainerItemProxy;
			containerPortal = 139105B61AF99BAD00B5F7CC /* RCTSettings.xcodeproj */;
			proxyType = 2;
			remoteGlobalIDString = 134814201AA4EA6300B7C361;
			remoteInfo = RCTSettings;
		};
		139FDEF31B06529B00C62182 /* PBXContainerItemProxy */ = {
			isa = PBXContainerItemProxy;
			containerPortal = 139FDEE61B06529A00C62182 /* RCTWebSocket.xcodeproj */;
			proxyType = 2;
			remoteGlobalIDString = 3C86DF461ADF2C930047B81A;
			remoteInfo = RCTWebSocket;
		};
		146834031AC3E56700842450 /* PBXContainerItemProxy */ = {
			isa = PBXContainerItemProxy;
			containerPortal = 146833FF1AC3E56700842450 /* React.xcodeproj */;
			proxyType = 2;
			remoteGlobalIDString = 83CBBA2E1A601D0E00E9B192;
			remoteInfo = React;
		};
		3212AC3E1E96E36900EC125C /* PBXContainerItemProxy */ = {
			isa = PBXContainerItemProxy;
			containerPortal = CD842AF15BCF424FAF6AF841 /* LRDRCTSimpleToast.xcodeproj */;
			proxyType = 2;
			remoteGlobalIDString = 15209BEF1D250F63000D0F44;
			remoteInfo = LRDRCTSimpleToast;
		};
		3212AC821E96E4DC00EC125C /* PBXContainerItemProxy */ = {
			isa = PBXContainerItemProxy;
			containerPortal = E26D9F18FF744B2398E81C7F /* RNCookieManagerIOS.xcodeproj */;
			proxyType = 2;
			remoteGlobalIDString = 1BD725DA1CF77A8B005DBD79;
			remoteInfo = RNCookieManagerIOS;
		};
		32DE72891EB29178002F7AAC /* PBXContainerItemProxy */ = {
			isa = PBXContainerItemProxy;
			containerPortal = 146833FF1AC3E56700842450 /* React.xcodeproj */;
			proxyType = 2;
			remoteGlobalIDString = 3D3C059A1DE3340900C268FA;
			remoteInfo = yoga;
		};
		32DE728B1EB29178002F7AAC /* PBXContainerItemProxy */ = {
			isa = PBXContainerItemProxy;
			containerPortal = 146833FF1AC3E56700842450 /* React.xcodeproj */;
			proxyType = 2;
			remoteGlobalIDString = 3D3C06751DE3340C00C268FA;
			remoteInfo = "yoga-tvOS";
		};
		32DE728D1EB29178002F7AAC /* PBXContainerItemProxy */ = {
			isa = PBXContainerItemProxy;
			containerPortal = 146833FF1AC3E56700842450 /* React.xcodeproj */;
			proxyType = 2;
			remoteGlobalIDString = 3D3CD9251DE5FBEC00167DC4;
			remoteInfo = cxxreact;
		};
		32DE728F1EB29178002F7AAC /* PBXContainerItemProxy */ = {
			isa = PBXContainerItemProxy;
			containerPortal = 146833FF1AC3E56700842450 /* React.xcodeproj */;
			proxyType = 2;
			remoteGlobalIDString = 3D3CD9321DE5FBEE00167DC4;
			remoteInfo = "cxxreact-tvOS";
		};
		32DE72911EB29178002F7AAC /* PBXContainerItemProxy */ = {
			isa = PBXContainerItemProxy;
			containerPortal = 146833FF1AC3E56700842450 /* React.xcodeproj */;
			proxyType = 2;
			remoteGlobalIDString = 3D3CD90B1DE5FBD600167DC4;
			remoteInfo = jschelpers;
		};
		32DE72931EB29178002F7AAC /* PBXContainerItemProxy */ = {
			isa = PBXContainerItemProxy;
			containerPortal = 146833FF1AC3E56700842450 /* React.xcodeproj */;
			proxyType = 2;
			remoteGlobalIDString = 3D3CD9181DE5FBD800167DC4;
			remoteInfo = "jschelpers-tvOS";
		};
		32DE72981EB29178002F7AAC /* PBXContainerItemProxy */ = {
			isa = PBXContainerItemProxy;
			containerPortal = EE97A121B45144E095B3DC46 /* RNDeviceInfo.xcodeproj */;
			proxyType = 2;
			remoteGlobalIDString = DA5891D81BA9A9FC002B4DB2;
			remoteInfo = RNDeviceInfo;
		};
		5E9157321DD0AC6500FF2AA8 /* PBXContainerItemProxy */ = {
			isa = PBXContainerItemProxy;
			containerPortal = 5E91572D1DD0AC6500FF2AA8 /* RCTAnimation.xcodeproj */;
			proxyType = 2;
			remoteGlobalIDString = 134814201AA4EA6300B7C361;
			remoteInfo = RCTAnimation;
		};
		5E9157341DD0AC6500FF2AA8 /* PBXContainerItemProxy */ = {
			isa = PBXContainerItemProxy;
			containerPortal = 5E91572D1DD0AC6500FF2AA8 /* RCTAnimation.xcodeproj */;
			proxyType = 2;
			remoteGlobalIDString = 2D2A28201D9B03D100D4039D;
			remoteInfo = "RCTAnimation-tvOS";
		};
		773ED0D11E4A3A62006E246C /* PBXContainerItemProxy */ = {
			isa = PBXContainerItemProxy;
			containerPortal = 00C302BB1ABCB91800DB3ED1 /* RCTImage.xcodeproj */;
			proxyType = 2;
			remoteGlobalIDString = 2D2A283A1D9B042B00D4039D;
			remoteInfo = "RCTImage-tvOS";
		};
		773ED0D51E4A3A62006E246C /* PBXContainerItemProxy */ = {
			isa = PBXContainerItemProxy;
			containerPortal = 78C398B01ACF4ADC00677621 /* RCTLinking.xcodeproj */;
			proxyType = 2;
			remoteGlobalIDString = 2D2A28471D9B043800D4039D;
			remoteInfo = "RCTLinking-tvOS";
		};
		773ED0D91E4A3A62006E246C /* PBXContainerItemProxy */ = {
			isa = PBXContainerItemProxy;
			containerPortal = 00C302D31ABCB9D200DB3ED1 /* RCTNetwork.xcodeproj */;
			proxyType = 2;
			remoteGlobalIDString = 2D2A28541D9B044C00D4039D;
			remoteInfo = "RCTNetwork-tvOS";
		};
		773ED0DD1E4A3A62006E246C /* PBXContainerItemProxy */ = {
			isa = PBXContainerItemProxy;
			containerPortal = 139105B61AF99BAD00B5F7CC /* RCTSettings.xcodeproj */;
			proxyType = 2;
			remoteGlobalIDString = 2D2A28611D9B046600D4039D;
			remoteInfo = "RCTSettings-tvOS";
		};
		773ED0E11E4A3A62006E246C /* PBXContainerItemProxy */ = {
			isa = PBXContainerItemProxy;
			containerPortal = 832341B01AAA6A8300B99B32 /* RCTText.xcodeproj */;
			proxyType = 2;
			remoteGlobalIDString = 2D2A287B1D9B048500D4039D;
			remoteInfo = "RCTText-tvOS";
		};
		773ED0E61E4A3A62006E246C /* PBXContainerItemProxy */ = {
			isa = PBXContainerItemProxy;
			containerPortal = 139FDEE61B06529A00C62182 /* RCTWebSocket.xcodeproj */;
			proxyType = 2;
			remoteGlobalIDString = 2D2A28881D9B049200D4039D;
			remoteInfo = "RCTWebSocket-tvOS";
		};
		773ED0EA1E4A3A62006E246C /* PBXContainerItemProxy */ = {
			isa = PBXContainerItemProxy;
			containerPortal = 146833FF1AC3E56700842450 /* React.xcodeproj */;
			proxyType = 2;
			remoteGlobalIDString = 2D2A28131D9B038B00D4039D;
			remoteInfo = "React-tvOS";
		};
		7763F65B1E4A577600D17ABA /* PBXContainerItemProxy */ = {
			isa = PBXContainerItemProxy;
			containerPortal = 86F85D8B9B924A45882DA391 /* AirMaps.xcodeproj */;
			proxyType = 2;
			remoteGlobalIDString = 11FA5C511C4A1296003AC2EE;
			remoteInfo = AirMaps;
		};
		7763F6711E4A577600D17ABA /* PBXContainerItemProxy */ = {
			isa = PBXContainerItemProxy;
			containerPortal = C5325FDC5D0745BEBBF562E6 /* ReactNativePermissions.xcodeproj */;
			proxyType = 2;
			remoteGlobalIDString = 9D23B34F1C767B80008B4819;
			remoteInfo = ReactNativePermissions;
		};
		77E020C91EFC418800A9941B /* PBXContainerItemProxy */ = {
			isa = PBXContainerItemProxy;
			containerPortal = CB8D6C96DB384AA1957B551C /* RNExitApp.xcodeproj */;
			proxyType = 2;
			remoteGlobalIDString = 15209BEF1D250F63000D0F44;
			remoteInfo = RNExitApp;
		};
		78C398B81ACF4ADC00677621 /* PBXContainerItemProxy */ = {
			isa = PBXContainerItemProxy;
			containerPortal = 78C398B01ACF4ADC00677621 /* RCTLinking.xcodeproj */;
			proxyType = 2;
			remoteGlobalIDString = 134814201AA4EA6300B7C361;
			remoteInfo = RCTLinking;
		};
		832341B41AAA6A8300B99B32 /* PBXContainerItemProxy */ = {
			isa = PBXContainerItemProxy;
			containerPortal = 832341B01AAA6A8300B99B32 /* RCTText.xcodeproj */;
			proxyType = 2;
			remoteGlobalIDString = 58B5119B1A9E6C1200147676;
			remoteInfo = RCTText;
		};
		B600A3EC1F0424CA005CDF85 /* PBXContainerItemProxy */ = {
			isa = PBXContainerItemProxy;
			containerPortal = FC62352DB99A4E29A4F4F3BB /* RNFIRMessaging.xcodeproj */;
			proxyType = 2;
			remoteGlobalIDString = 134814201AA4EA6300B7C361;
			remoteInfo = RNFIRMessaging;
		};
		F979D7C21F017DAE0061C674 /* PBXContainerItemProxy */ = {
			isa = PBXContainerItemProxy;
			containerPortal = 616941E514954A0DA9D0CF55 /* RCTGoogleAnalyticsBridge.xcodeproj */;
			proxyType = 2;
			remoteGlobalIDString = A79185C61C30694E001236A6;
			remoteInfo = RCTGoogleAnalyticsBridge;
		};
		F9A432BE1EFDFA9600CB22CB /* PBXContainerItemProxy */ = {
			isa = PBXContainerItemProxy;
			containerPortal = 4A2723B48DD84562B8D18F1D /* RNKeychain.xcodeproj */;
			proxyType = 2;
			remoteGlobalIDString = 5D82366F1B0CE05B005A9EF3;
			remoteInfo = RNKeychain;
		};
		F9F391DB1E4E2932004E5113 /* PBXContainerItemProxy */ = {
			isa = PBXContainerItemProxy;
			containerPortal = B17CBA6DFA004A9BB841180C /* RNVectorIcons.xcodeproj */;
			proxyType = 2;
			remoteGlobalIDString = 5DBEB1501B18CEA900B34395;
			remoteInfo = RNVectorIcons;
		};
/* End PBXContainerItemProxy section */

/* Begin PBXFileReference section */
		008F07F21AC5B25A0029DE68 /* main.jsbundle */ = {isa = PBXFileReference; fileEncoding = 4; lastKnownFileType = text; path = main.jsbundle; sourceTree = "<group>"; };
		00C302A71ABCB8CE00DB3ED1 /* RCTActionSheet.xcodeproj */ = {isa = PBXFileReference; lastKnownFileType = "wrapper.pb-project"; name = RCTActionSheet.xcodeproj; path = "../node_modules/react-native/Libraries/ActionSheetIOS/RCTActionSheet.xcodeproj"; sourceTree = "<group>"; };
		00C302B51ABCB90400DB3ED1 /* RCTGeolocation.xcodeproj */ = {isa = PBXFileReference; lastKnownFileType = "wrapper.pb-project"; name = RCTGeolocation.xcodeproj; path = "../node_modules/react-native/Libraries/Geolocation/RCTGeolocation.xcodeproj"; sourceTree = "<group>"; };
		00C302BB1ABCB91800DB3ED1 /* RCTImage.xcodeproj */ = {isa = PBXFileReference; lastKnownFileType = "wrapper.pb-project"; name = RCTImage.xcodeproj; path = "../node_modules/react-native/Libraries/Image/RCTImage.xcodeproj"; sourceTree = "<group>"; };
		00C302D31ABCB9D200DB3ED1 /* RCTNetwork.xcodeproj */ = {isa = PBXFileReference; lastKnownFileType = "wrapper.pb-project"; name = RCTNetwork.xcodeproj; path = "../node_modules/react-native/Libraries/Network/RCTNetwork.xcodeproj"; sourceTree = "<group>"; };
		00C302DF1ABCB9EE00DB3ED1 /* RCTVibration.xcodeproj */ = {isa = PBXFileReference; lastKnownFileType = "wrapper.pb-project"; name = RCTVibration.xcodeproj; path = "../node_modules/react-native/Libraries/Vibration/RCTVibration.xcodeproj"; sourceTree = "<group>"; };
		00E356EE1AD99517003FC87E /* CampusMobileTests.xctest */ = {isa = PBXFileReference; explicitFileType = wrapper.cfbundle; includeInIndex = 0; path = CampusMobileTests.xctest; sourceTree = BUILT_PRODUCTS_DIR; };
		00E356F11AD99517003FC87E /* Info.plist */ = {isa = PBXFileReference; lastKnownFileType = text.plist.xml; path = Info.plist; sourceTree = "<group>"; };
		00E356F21AD99517003FC87E /* CampusMobileTests.m */ = {isa = PBXFileReference; lastKnownFileType = sourcecode.c.objc; path = CampusMobileTests.m; sourceTree = "<group>"; };
		09B033EA52B4477EB56B9BD1 /* Zocial.ttf */ = {isa = PBXFileReference; explicitFileType = undefined; fileEncoding = 9; includeInIndex = 0; lastKnownFileType = unknown; name = Zocial.ttf; path = "../node_modules/react-native-vector-icons/Fonts/Zocial.ttf"; sourceTree = "<group>"; };
		1062771EF3AA479291C7BFA9 /* libLRDRCTSimpleToast.a */ = {isa = PBXFileReference; explicitFileType = undefined; fileEncoding = 9; includeInIndex = 0; lastKnownFileType = archive.ar; path = libLRDRCTSimpleToast.a; sourceTree = "<group>"; };
		10F78DC5F4094514B0044F7D /* libRNExitApp.a */ = {isa = PBXFileReference; explicitFileType = undefined; fileEncoding = 9; includeInIndex = 0; lastKnownFileType = archive.ar; path = libRNExitApp.a; sourceTree = "<group>"; };
		139105B61AF99BAD00B5F7CC /* RCTSettings.xcodeproj */ = {isa = PBXFileReference; lastKnownFileType = "wrapper.pb-project"; name = RCTSettings.xcodeproj; path = "../node_modules/react-native/Libraries/Settings/RCTSettings.xcodeproj"; sourceTree = "<group>"; };
		139FDEE61B06529A00C62182 /* RCTWebSocket.xcodeproj */ = {isa = PBXFileReference; lastKnownFileType = "wrapper.pb-project"; name = RCTWebSocket.xcodeproj; path = "../node_modules/react-native/Libraries/WebSocket/RCTWebSocket.xcodeproj"; sourceTree = "<group>"; };
		13B07F961A680F5B00A75B9A /* CampusMobile.app */ = {isa = PBXFileReference; explicitFileType = wrapper.application; includeInIndex = 0; path = CampusMobile.app; sourceTree = BUILT_PRODUCTS_DIR; };
		13B07FAF1A68108700A75B9A /* AppDelegate.h */ = {isa = PBXFileReference; fileEncoding = 4; lastKnownFileType = sourcecode.c.h; name = AppDelegate.h; path = CampusMobile/AppDelegate.h; sourceTree = "<group>"; };
		13B07FB01A68108700A75B9A /* AppDelegate.m */ = {isa = PBXFileReference; fileEncoding = 4; lastKnownFileType = sourcecode.c.objc; name = AppDelegate.m; path = CampusMobile/AppDelegate.m; sourceTree = "<group>"; };
		13B07FB21A68108700A75B9A /* Base */ = {isa = PBXFileReference; lastKnownFileType = file.xib; name = Base; path = Base.lproj/LaunchScreen.xib; sourceTree = "<group>"; };
		13B07FB51A68108700A75B9A /* Images.xcassets */ = {isa = PBXFileReference; lastKnownFileType = folder.assetcatalog; name = Images.xcassets; path = CampusMobile/Images.xcassets; sourceTree = "<group>"; };
		13B07FB61A68108700A75B9A /* Info.plist */ = {isa = PBXFileReference; fileEncoding = 4; lastKnownFileType = text.plist.xml; name = Info.plist; path = CampusMobile/Info.plist; sourceTree = "<group>"; };
		13B07FB71A68108700A75B9A /* main.m */ = {isa = PBXFileReference; fileEncoding = 4; lastKnownFileType = sourcecode.c.objc; name = main.m; path = CampusMobile/main.m; sourceTree = "<group>"; };
		146833FF1AC3E56700842450 /* React.xcodeproj */ = {isa = PBXFileReference; lastKnownFileType = "wrapper.pb-project"; name = React.xcodeproj; path = "../node_modules/react-native/React/React.xcodeproj"; sourceTree = "<group>"; };
		15FAAD4827B242F08094EB9C /* libRNKeychain.a */ = {isa = PBXFileReference; explicitFileType = undefined; fileEncoding = 9; includeInIndex = 0; lastKnownFileType = archive.ar; path = libRNKeychain.a; sourceTree = "<group>"; };
		209446A1B48243E4908C1EE6 /* Octicons.ttf */ = {isa = PBXFileReference; explicitFileType = undefined; fileEncoding = 9; includeInIndex = 0; lastKnownFileType = unknown; name = Octicons.ttf; path = "../node_modules/react-native-vector-icons/Fonts/Octicons.ttf"; sourceTree = "<group>"; };
		24B29F3C33224E7493514346 /* libRNCookieManagerIOS.a */ = {isa = PBXFileReference; explicitFileType = undefined; fileEncoding = 9; includeInIndex = 0; lastKnownFileType = archive.ar; path = libRNCookieManagerIOS.a; sourceTree = "<group>"; };
		31AE55DB6DB24D3DBD92AE7B /* libReactNativePermissions.a */ = {isa = PBXFileReference; explicitFileType = undefined; fileEncoding = 9; includeInIndex = 0; lastKnownFileType = archive.ar; path = libReactNativePermissions.a; sourceTree = "<group>"; };
		345816380C0240E591958654 /* Ionicons.ttf */ = {isa = PBXFileReference; explicitFileType = undefined; fileEncoding = 9; includeInIndex = 0; lastKnownFileType = unknown; name = Ionicons.ttf; path = "../node_modules/react-native-vector-icons/Fonts/Ionicons.ttf"; sourceTree = "<group>"; };
		419EFBF27EDA4088A87FA053 /* libRNVectorIcons.a */ = {isa = PBXFileReference; explicitFileType = undefined; fileEncoding = 9; includeInIndex = 0; lastKnownFileType = archive.ar; path = libRNVectorIcons.a; sourceTree = "<group>"; };
		438ACEC02613496CA7B66FAC /* MaterialCommunityIcons.ttf */ = {isa = PBXFileReference; explicitFileType = undefined; fileEncoding = 9; includeInIndex = 0; lastKnownFileType = unknown; name = MaterialCommunityIcons.ttf; path = "../node_modules/react-native-vector-icons/Fonts/MaterialCommunityIcons.ttf"; sourceTree = "<group>"; };
		4A2723B48DD84562B8D18F1D /* RNKeychain.xcodeproj */ = {isa = PBXFileReference; explicitFileType = undefined; fileEncoding = 9; includeInIndex = 0; lastKnownFileType = "wrapper.pb-project"; name = RNKeychain.xcodeproj; path = "../node_modules/react-native-keychain/RNKeychain.xcodeproj"; sourceTree = "<group>"; };
		51026162A45F46EA8ACAE0DF /* MaterialIcons.ttf */ = {isa = PBXFileReference; explicitFileType = undefined; fileEncoding = 9; includeInIndex = 0; lastKnownFileType = unknown; name = MaterialIcons.ttf; path = "../node_modules/react-native-vector-icons/Fonts/MaterialIcons.ttf"; sourceTree = "<group>"; };
		57CFEB6444DC4677BF1A6FB4 /* libRNDeviceInfo.a */ = {isa = PBXFileReference; explicitFileType = undefined; fileEncoding = 9; includeInIndex = 0; lastKnownFileType = archive.ar; path = libRNDeviceInfo.a; sourceTree = "<group>"; };
		5E91572D1DD0AC6500FF2AA8 /* RCTAnimation.xcodeproj */ = {isa = PBXFileReference; lastKnownFileType = "wrapper.pb-project"; name = RCTAnimation.xcodeproj; path = "../node_modules/react-native/Libraries/NativeAnimation/RCTAnimation.xcodeproj"; sourceTree = "<group>"; };
		616941E514954A0DA9D0CF55 /* RCTGoogleAnalyticsBridge.xcodeproj */ = {isa = PBXFileReference; explicitFileType = undefined; fileEncoding = 9; includeInIndex = 0; lastKnownFileType = "wrapper.pb-project"; name = RCTGoogleAnalyticsBridge.xcodeproj; path = "../node_modules/react-native-google-analytics-bridge/ios/RCTGoogleAnalyticsBridge/RCTGoogleAnalyticsBridge.xcodeproj"; sourceTree = "<group>"; };
		77FB3C821E4A5B3900A80D5E /* CoreData.framework */ = {isa = PBXFileReference; lastKnownFileType = wrapper.framework; name = CoreData.framework; path = System/Library/Frameworks/CoreData.framework; sourceTree = SDKROOT; };
		77FB3C9C1E4A5B4300A80D5E /* SystemConfiguration.framework */ = {isa = PBXFileReference; lastKnownFileType = wrapper.framework; name = SystemConfiguration.framework; path = System/Library/Frameworks/SystemConfiguration.framework; sourceTree = SDKROOT; };
		77FB3C9E1E4A5B5000A80D5E /* libsqlite3.0.tbd */ = {isa = PBXFileReference; lastKnownFileType = "sourcecode.text-based-dylib-definition"; name = libsqlite3.0.tbd; path = usr/lib/libsqlite3.0.tbd; sourceTree = SDKROOT; };
		78C398B01ACF4ADC00677621 /* RCTLinking.xcodeproj */ = {isa = PBXFileReference; lastKnownFileType = "wrapper.pb-project"; name = RCTLinking.xcodeproj; path = "../node_modules/react-native/Libraries/LinkingIOS/RCTLinking.xcodeproj"; sourceTree = "<group>"; };
		7EBAB6CB20F44CE9ACEB2432 /* FontAwesome.ttf */ = {isa = PBXFileReference; explicitFileType = undefined; fileEncoding = 9; includeInIndex = 0; lastKnownFileType = unknown; name = FontAwesome.ttf; path = "../node_modules/react-native-vector-icons/Fonts/FontAwesome.ttf"; sourceTree = "<group>"; };
		7FC8FBD8CF474ED0AAB246CD /* libRNFIRMessaging.a */ = {isa = PBXFileReference; explicitFileType = undefined; fileEncoding = 9; includeInIndex = 0; lastKnownFileType = archive.ar; path = libRNFIRMessaging.a; sourceTree = "<group>"; };
		81318A2331B044CE89553504 /* Foundation.ttf */ = {isa = PBXFileReference; explicitFileType = undefined; fileEncoding = 9; includeInIndex = 0; lastKnownFileType = unknown; name = Foundation.ttf; path = "../node_modules/react-native-vector-icons/Fonts/Foundation.ttf"; sourceTree = "<group>"; };
		8217BDD6BC944E17902CAB5B /* SimpleLineIcons.ttf */ = {isa = PBXFileReference; explicitFileType = undefined; fileEncoding = 9; includeInIndex = 0; lastKnownFileType = unknown; name = SimpleLineIcons.ttf; path = "../node_modules/react-native-vector-icons/Fonts/SimpleLineIcons.ttf"; sourceTree = "<group>"; };
		832341B01AAA6A8300B99B32 /* RCTText.xcodeproj */ = {isa = PBXFileReference; lastKnownFileType = "wrapper.pb-project"; name = RCTText.xcodeproj; path = "../node_modules/react-native/Libraries/Text/RCTText.xcodeproj"; sourceTree = "<group>"; };
		86F85D8B9B924A45882DA391 /* AirMaps.xcodeproj */ = {isa = PBXFileReference; explicitFileType = undefined; fileEncoding = 9; includeInIndex = 0; lastKnownFileType = "wrapper.pb-project"; name = AirMaps.xcodeproj; path = "../node_modules/react-native-maps/ios/AirMaps.xcodeproj"; sourceTree = "<group>"; };
		A650824E9A2E25979A3A0FBD /* Pods-CampusMobile.debug.xcconfig */ = {isa = PBXFileReference; includeInIndex = 1; lastKnownFileType = text.xcconfig; name = "Pods-CampusMobile.debug.xcconfig"; path = "Pods/Target Support Files/Pods-CampusMobile/Pods-CampusMobile.debug.xcconfig"; sourceTree = "<group>"; };
		B17CBA6DFA004A9BB841180C /* RNVectorIcons.xcodeproj */ = {isa = PBXFileReference; explicitFileType = undefined; fileEncoding = 9; includeInIndex = 0; lastKnownFileType = "wrapper.pb-project"; name = RNVectorIcons.xcodeproj; path = "../node_modules/react-native-vector-icons/RNVectorIcons.xcodeproj"; sourceTree = "<group>"; };
		B600A3F01F0425AD005CDF85 /* GoogleService-Info.plist */ = {isa = PBXFileReference; fileEncoding = 4; lastKnownFileType = text.plist.xml; path = "GoogleService-Info.plist"; sourceTree = "<group>"; };
		B6E16EA9C16C40E98CEDDECF /* Entypo.ttf */ = {isa = PBXFileReference; explicitFileType = undefined; fileEncoding = 9; includeInIndex = 0; lastKnownFileType = unknown; name = Entypo.ttf; path = "../node_modules/react-native-vector-icons/Fonts/Entypo.ttf"; sourceTree = "<group>"; };
		BDF39921923FD9AE19A17B62 /* libPods-CampusMobile.a */ = {isa = PBXFileReference; explicitFileType = archive.ar; includeInIndex = 0; path = "libPods-CampusMobile.a"; sourceTree = BUILT_PRODUCTS_DIR; };
		C5325FDC5D0745BEBBF562E6 /* ReactNativePermissions.xcodeproj */ = {isa = PBXFileReference; explicitFileType = undefined; fileEncoding = 9; includeInIndex = 0; lastKnownFileType = "wrapper.pb-project"; name = ReactNativePermissions.xcodeproj; path = "../node_modules/react-native-permissions/ReactNativePermissions.xcodeproj"; sourceTree = "<group>"; };
		CA921F87133A50F9C106CB8E /* Pods-CampusMobile.release.xcconfig */ = {isa = PBXFileReference; includeInIndex = 1; lastKnownFileType = text.xcconfig; name = "Pods-CampusMobile.release.xcconfig"; path = "Pods/Target Support Files/Pods-CampusMobile/Pods-CampusMobile.release.xcconfig"; sourceTree = "<group>"; };
		CB8D6C96DB384AA1957B551C /* RNExitApp.xcodeproj */ = {isa = PBXFileReference; explicitFileType = undefined; fileEncoding = 9; includeInIndex = 0; lastKnownFileType = "wrapper.pb-project"; name = RNExitApp.xcodeproj; path = "../node_modules/react-native-exit-app/ios/RNExitApp.xcodeproj"; sourceTree = "<group>"; };
		CD842AF15BCF424FAF6AF841 /* LRDRCTSimpleToast.xcodeproj */ = {isa = PBXFileReference; explicitFileType = undefined; fileEncoding = 9; includeInIndex = 0; lastKnownFileType = "wrapper.pb-project"; name = LRDRCTSimpleToast.xcodeproj; path = "../node_modules/react-native-simple-toast/ios/LRDRCTSimpleToast.xcodeproj"; sourceTree = "<group>"; };
		D08B1B04C00A4AD1B80B90B9 /* libRCTGoogleAnalyticsBridge.a */ = {isa = PBXFileReference; explicitFileType = undefined; fileEncoding = 9; includeInIndex = 0; lastKnownFileType = archive.ar; path = libRCTGoogleAnalyticsBridge.a; sourceTree = "<group>"; };
		D6F67199F8CA4B4D9433DED4 /* libAirMaps.a */ = {isa = PBXFileReference; explicitFileType = undefined; fileEncoding = 9; includeInIndex = 0; lastKnownFileType = archive.ar; path = libAirMaps.a; sourceTree = "<group>"; };
		E26D9F18FF744B2398E81C7F /* RNCookieManagerIOS.xcodeproj */ = {isa = PBXFileReference; explicitFileType = undefined; fileEncoding = 9; includeInIndex = 0; lastKnownFileType = "wrapper.pb-project"; name = RNCookieManagerIOS.xcodeproj; path = "../node_modules/react-native-cookies/RNCookieManagerIOS.xcodeproj"; sourceTree = "<group>"; };
		EE97A121B45144E095B3DC46 /* RNDeviceInfo.xcodeproj */ = {isa = PBXFileReference; explicitFileType = undefined; fileEncoding = 9; includeInIndex = 0; lastKnownFileType = "wrapper.pb-project"; name = RNDeviceInfo.xcodeproj; path = "../node_modules/react-native-device-info/RNDeviceInfo.xcodeproj"; sourceTree = "<group>"; };
		F7254090E6674745978B1B33 /* EvilIcons.ttf */ = {isa = PBXFileReference; explicitFileType = undefined; fileEncoding = 9; includeInIndex = 0; lastKnownFileType = unknown; name = EvilIcons.ttf; path = "../node_modules/react-native-vector-icons/Fonts/EvilIcons.ttf"; sourceTree = "<group>"; };
		F979D7DF1F017E760061C674 /* libz.tbd */ = {isa = PBXFileReference; lastKnownFileType = "sourcecode.text-based-dylib-definition"; name = libz.tbd; path = usr/lib/libz.tbd; sourceTree = SDKROOT; };
		F9A432C11EFDFB5D00CB22CB /* CampusMobile.entitlements */ = {isa = PBXFileReference; lastKnownFileType = text.plist.entitlements; name = CampusMobile.entitlements; path = CampusMobile/CampusMobile.entitlements; sourceTree = "<group>"; };
		FC62352DB99A4E29A4F4F3BB /* RNFIRMessaging.xcodeproj */ = {isa = PBXFileReference; explicitFileType = undefined; fileEncoding = 9; includeInIndex = 0; lastKnownFileType = "wrapper.pb-project"; name = RNFIRMessaging.xcodeproj; path = "../node_modules/react-native-fcm/ios/RNFIRMessaging.xcodeproj"; sourceTree = "<group>"; };
/* End PBXFileReference section */

/* Begin PBXFrameworksBuildPhase section */
		00E356EB1AD99517003FC87E /* Frameworks */ = {
			isa = PBXFrameworksBuildPhase;
			buildActionMask = 2147483647;
			files = (
				140ED2AC1D01E1AD002B40FF /* libReact.a in Frameworks */,
			);
			runOnlyForDeploymentPostprocessing = 0;
		};
		13B07F8C1A680F5B00A75B9A /* Frameworks */ = {
			isa = PBXFrameworksBuildPhase;
			buildActionMask = 2147483647;
			files = (
				F979D7E01F017E760061C674 /* libz.tbd in Frameworks */,
				77FB3C9F1E4A5B5000A80D5E /* libsqlite3.0.tbd in Frameworks */,
				77FB3C9D1E4A5B4300A80D5E /* SystemConfiguration.framework in Frameworks */,
				77FB3C831E4A5B3900A80D5E /* CoreData.framework in Frameworks */,
				5E9157361DD0AC6A00FF2AA8 /* libRCTAnimation.a in Frameworks */,
				146834051AC3E58100842450 /* libReact.a in Frameworks */,
				00C302E51ABCBA2D00DB3ED1 /* libRCTActionSheet.a in Frameworks */,
				00C302E71ABCBA2D00DB3ED1 /* libRCTGeolocation.a in Frameworks */,
				00C302E81ABCBA2D00DB3ED1 /* libRCTImage.a in Frameworks */,
				133E29F31AD74F7200F7D852 /* libRCTLinking.a in Frameworks */,
				00C302E91ABCBA2D00DB3ED1 /* libRCTNetwork.a in Frameworks */,
				139105C61AF99C1200B5F7CC /* libRCTSettings.a in Frameworks */,
				832341BD1AAA6AB300B99B32 /* libRCTText.a in Frameworks */,
				00C302EA1ABCBA2D00DB3ED1 /* libRCTVibration.a in Frameworks */,
				139FDEF61B0652A700C62182 /* libRCTWebSocket.a in Frameworks */,
				D4630D4FAAB243909328449B /* libAirMaps.a in Frameworks */,
				794AD000FF0D404F8970FD2F /* libReactNativePermissions.a in Frameworks */,
				52DB1BFEA1B14C05A1B4A254 /* libRNVectorIcons.a in Frameworks */,
				D479B584928944A1B4DA2B7A /* libLRDRCTSimpleToast.a in Frameworks */,
				E91CC56C5BA449EDA2B60F56 /* libRNCookieManagerIOS.a in Frameworks */,
				A2803A699B484E538CC04625 /* libRNDeviceInfo.a in Frameworks */,
				7F675770ECCB4CE4855E32D3 /* libRNExitApp.a in Frameworks */,
				A62747CCACBA436E8CD8EC91 /* libRNKeychain.a in Frameworks */,
				AC7E2F282770419C8EC64B53 /* libRCTGoogleAnalyticsBridge.a in Frameworks */,
				F39704B1803340DEBE51D7E7 /* libRNFIRMessaging.a in Frameworks */,
				0A7E0B7937A5AEB1D2C82710 /* libPods-CampusMobile.a in Frameworks */,
			);
			runOnlyForDeploymentPostprocessing = 0;
		};
/* End PBXFrameworksBuildPhase section */

/* Begin PBXGroup section */
		00C302A81ABCB8CE00DB3ED1 /* Products */ = {
			isa = PBXGroup;
			children = (
				00C302AC1ABCB8CE00DB3ED1 /* libRCTActionSheet.a */,
			);
			name = Products;
			sourceTree = "<group>";
		};
		00C302B61ABCB90400DB3ED1 /* Products */ = {
			isa = PBXGroup;
			children = (
				00C302BA1ABCB90400DB3ED1 /* libRCTGeolocation.a */,
			);
			name = Products;
			sourceTree = "<group>";
		};
		00C302BC1ABCB91800DB3ED1 /* Products */ = {
			isa = PBXGroup;
			children = (
				00C302C01ABCB91800DB3ED1 /* libRCTImage.a */,
				773ED0D21E4A3A62006E246C /* libRCTImage-tvOS.a */,
			);
			name = Products;
			sourceTree = "<group>";
		};
		00C302D41ABCB9D200DB3ED1 /* Products */ = {
			isa = PBXGroup;
			children = (
				00C302DC1ABCB9D200DB3ED1 /* libRCTNetwork.a */,
				773ED0DA1E4A3A62006E246C /* libRCTNetwork-tvOS.a */,
			);
			name = Products;
			sourceTree = "<group>";
		};
		00C302E01ABCB9EE00DB3ED1 /* Products */ = {
			isa = PBXGroup;
			children = (
				00C302E41ABCB9EE00DB3ED1 /* libRCTVibration.a */,
			);
			name = Products;
			sourceTree = "<group>";
		};
		00E356EF1AD99517003FC87E /* CampusMobileTests */ = {
			isa = PBXGroup;
			children = (
				00E356F21AD99517003FC87E /* CampusMobileTests.m */,
				00E356F01AD99517003FC87E /* Supporting Files */,
			);
			path = CampusMobileTests;
			sourceTree = "<group>";
		};
		00E356F01AD99517003FC87E /* Supporting Files */ = {
			isa = PBXGroup;
			children = (
				00E356F11AD99517003FC87E /* Info.plist */,
			);
			name = "Supporting Files";
			sourceTree = "<group>";
		};
		074BEBAF3C3D4A8A8F76DEB2 /* Resources */ = {
			isa = PBXGroup;
			children = (
				438ACEC02613496CA7B66FAC /* MaterialCommunityIcons.ttf */,
				B6E16EA9C16C40E98CEDDECF /* Entypo.ttf */,
				F7254090E6674745978B1B33 /* EvilIcons.ttf */,
				7EBAB6CB20F44CE9ACEB2432 /* FontAwesome.ttf */,
				81318A2331B044CE89553504 /* Foundation.ttf */,
				345816380C0240E591958654 /* Ionicons.ttf */,
				51026162A45F46EA8ACAE0DF /* MaterialIcons.ttf */,
				209446A1B48243E4908C1EE6 /* Octicons.ttf */,
				8217BDD6BC944E17902CAB5B /* SimpleLineIcons.ttf */,
				09B033EA52B4477EB56B9BD1 /* Zocial.ttf */,
			);
			name = Resources;
			sourceTree = "<group>";
		};
		139105B71AF99BAD00B5F7CC /* Products */ = {
			isa = PBXGroup;
			children = (
				139105C11AF99BAD00B5F7CC /* libRCTSettings.a */,
				773ED0DE1E4A3A62006E246C /* libRCTSettings-tvOS.a */,
			);
			name = Products;
			sourceTree = "<group>";
		};
		139FDEE71B06529A00C62182 /* Products */ = {
			isa = PBXGroup;
			children = (
				139FDEF41B06529B00C62182 /* libRCTWebSocket.a */,
				773ED0E71E4A3A62006E246C /* libRCTWebSocket-tvOS.a */,
			);
			name = Products;
			sourceTree = "<group>";
		};
		13B07FAE1A68108700A75B9A /* CampusMobile */ = {
			isa = PBXGroup;
			children = (
				F9A432C11EFDFB5D00CB22CB /* CampusMobile.entitlements */,
				008F07F21AC5B25A0029DE68 /* main.jsbundle */,
				13B07FAF1A68108700A75B9A /* AppDelegate.h */,
				13B07FB01A68108700A75B9A /* AppDelegate.m */,
				B600A3F01F0425AD005CDF85 /* GoogleService-Info.plist */,
				13B07FB51A68108700A75B9A /* Images.xcassets */,
				13B07FB61A68108700A75B9A /* Info.plist */,
				13B07FB11A68108700A75B9A /* LaunchScreen.xib */,
				13B07FB71A68108700A75B9A /* main.m */,
			);
			name = CampusMobile;
			sourceTree = "<group>";
		};
		146834001AC3E56700842450 /* Products */ = {
			isa = PBXGroup;
			children = (
				146834041AC3E56700842450 /* libReact.a */,
				773ED0EB1E4A3A62006E246C /* libReact.a */,
				32DE728A1EB29178002F7AAC /* libyoga.a */,
				32DE728C1EB29178002F7AAC /* libyoga.a */,
				32DE728E1EB29178002F7AAC /* libcxxreact.a */,
				32DE72901EB29178002F7AAC /* libcxxreact.a */,
				32DE72921EB29178002F7AAC /* libjschelpers.a */,
				32DE72941EB29178002F7AAC /* libjschelpers.a */,
			);
			name = Products;
			sourceTree = "<group>";
		};
		1CCFE7E14D3F498B99122652 /* Frameworks */ = {
			isa = PBXGroup;
			children = (
				F979D7DF1F017E760061C674 /* libz.tbd */,
				77FB3C9E1E4A5B5000A80D5E /* libsqlite3.0.tbd */,
				77FB3C9C1E4A5B4300A80D5E /* SystemConfiguration.framework */,
				77FB3C821E4A5B3900A80D5E /* CoreData.framework */,
				BDF39921923FD9AE19A17B62 /* libPods-CampusMobile.a */,
			);
			name = Frameworks;
			sourceTree = "<group>";
		};
		3212AC391E96E36900EC125C /* Products */ = {
			isa = PBXGroup;
			children = (
				3212AC3F1E96E36900EC125C /* libLRDRCTSimpleToast.a */,
			);
			name = Products;
			sourceTree = "<group>";
		};
		3212AC671E96E4DC00EC125C /* Products */ = {
			isa = PBXGroup;
			children = (
				3212AC831E96E4DC00EC125C /* libRNCookieManagerIOS.a */,
			);
			name = Products;
			sourceTree = "<group>";
		};
		32DE726A1EB29178002F7AAC /* Products */ = {
			isa = PBXGroup;
			children = (
				32DE72991EB29178002F7AAC /* libRNDeviceInfo.a */,
			);
			name = Products;
			sourceTree = "<group>";
		};
		44CCA17A1C6538B0C1DC02EA /* Pods */ = {
			isa = PBXGroup;
			children = (
				A650824E9A2E25979A3A0FBD /* Pods-CampusMobile.debug.xcconfig */,
				CA921F87133A50F9C106CB8E /* Pods-CampusMobile.release.xcconfig */,
			);
			name = Pods;
			sourceTree = "<group>";
		};
		5E91572E1DD0AC6500FF2AA8 /* Products */ = {
			isa = PBXGroup;
			children = (
				5E9157331DD0AC6500FF2AA8 /* libRCTAnimation.a */,
				5E9157351DD0AC6500FF2AA8 /* libRCTAnimation-tvOS.a */,
			);
			name = Products;
			sourceTree = "<group>";
		};
		7763F6561E4A577600D17ABA /* Products */ = {
			isa = PBXGroup;
			children = (
				7763F65C1E4A577600D17ABA /* libAirMaps.a */,
			);
			name = Products;
			sourceTree = "<group>";
		};
		7763F6581E4A577600D17ABA /* Products */ = {
			isa = PBXGroup;
			children = (
				7763F6721E4A577600D17ABA /* libReactNativePermissions.a */,
			);
			name = Products;
			sourceTree = "<group>";
		};
		777E1666202B9C99005291F2 /* Recovered References */ = {
			isa = PBXGroup;
			children = (
				D6F67199F8CA4B4D9433DED4 /* libAirMaps.a */,
				31AE55DB6DB24D3DBD92AE7B /* libReactNativePermissions.a */,
				419EFBF27EDA4088A87FA053 /* libRNVectorIcons.a */,
				1062771EF3AA479291C7BFA9 /* libLRDRCTSimpleToast.a */,
				24B29F3C33224E7493514346 /* libRNCookieManagerIOS.a */,
				57CFEB6444DC4677BF1A6FB4 /* libRNDeviceInfo.a */,
				10F78DC5F4094514B0044F7D /* libRNExitApp.a */,
				15FAAD4827B242F08094EB9C /* libRNKeychain.a */,
				D08B1B04C00A4AD1B80B90B9 /* libRCTGoogleAnalyticsBridge.a */,
				7FC8FBD8CF474ED0AAB246CD /* libRNFIRMessaging.a */,
			);
			name = "Recovered References";
			sourceTree = "<group>";
		};
		77E020A61EFC418700A9941B /* Products */ = {
			isa = PBXGroup;
			children = (
				77E020CA1EFC418800A9941B /* libRNExitApp.a */,
			);
			name = Products;
			sourceTree = "<group>";
		};
		78C398B11ACF4ADC00677621 /* Products */ = {
			isa = PBXGroup;
			children = (
				78C398B91ACF4ADC00677621 /* libRCTLinking.a */,
				773ED0D61E4A3A62006E246C /* libRCTLinking-tvOS.a */,
			);
			name = Products;
			sourceTree = "<group>";
		};
		832341AE1AAA6A7D00B99B32 /* Libraries */ = {
			isa = PBXGroup;
			children = (
				5E91572D1DD0AC6500FF2AA8 /* RCTAnimation.xcodeproj */,
				146833FF1AC3E56700842450 /* React.xcodeproj */,
				00C302A71ABCB8CE00DB3ED1 /* RCTActionSheet.xcodeproj */,
				00C302B51ABCB90400DB3ED1 /* RCTGeolocation.xcodeproj */,
				00C302BB1ABCB91800DB3ED1 /* RCTImage.xcodeproj */,
				78C398B01ACF4ADC00677621 /* RCTLinking.xcodeproj */,
				00C302D31ABCB9D200DB3ED1 /* RCTNetwork.xcodeproj */,
				139105B61AF99BAD00B5F7CC /* RCTSettings.xcodeproj */,
				832341B01AAA6A8300B99B32 /* RCTText.xcodeproj */,
				00C302DF1ABCB9EE00DB3ED1 /* RCTVibration.xcodeproj */,
				139FDEE61B06529A00C62182 /* RCTWebSocket.xcodeproj */,
				86F85D8B9B924A45882DA391 /* AirMaps.xcodeproj */,
				C5325FDC5D0745BEBBF562E6 /* ReactNativePermissions.xcodeproj */,
				B17CBA6DFA004A9BB841180C /* RNVectorIcons.xcodeproj */,
				CD842AF15BCF424FAF6AF841 /* LRDRCTSimpleToast.xcodeproj */,
				E26D9F18FF744B2398E81C7F /* RNCookieManagerIOS.xcodeproj */,
				EE97A121B45144E095B3DC46 /* RNDeviceInfo.xcodeproj */,
				CB8D6C96DB384AA1957B551C /* RNExitApp.xcodeproj */,
				4A2723B48DD84562B8D18F1D /* RNKeychain.xcodeproj */,
				616941E514954A0DA9D0CF55 /* RCTGoogleAnalyticsBridge.xcodeproj */,
				FC62352DB99A4E29A4F4F3BB /* RNFIRMessaging.xcodeproj */,
			);
			name = Libraries;
			sourceTree = "<group>";
		};
		832341B11AAA6A8300B99B32 /* Products */ = {
			isa = PBXGroup;
			children = (
				832341B51AAA6A8300B99B32 /* libRCTText.a */,
				773ED0E21E4A3A62006E246C /* libRCTText-tvOS.a */,
			);
			name = Products;
			sourceTree = "<group>";
		};
		83CBB9F61A601CBA00E9B192 = {
			isa = PBXGroup;
			children = (
				13B07FAE1A68108700A75B9A /* CampusMobile */,
				832341AE1AAA6A7D00B99B32 /* Libraries */,
				00E356EF1AD99517003FC87E /* CampusMobileTests */,
				83CBBA001A601CBA00E9B192 /* Products */,
				074BEBAF3C3D4A8A8F76DEB2 /* Resources */,
				1CCFE7E14D3F498B99122652 /* Frameworks */,
				44CCA17A1C6538B0C1DC02EA /* Pods */,
				777E1666202B9C99005291F2 /* Recovered References */,
			);
			indentWidth = 2;
			sourceTree = "<group>";
			tabWidth = 2;
		};
		83CBBA001A601CBA00E9B192 /* Products */ = {
			isa = PBXGroup;
			children = (
				13B07F961A680F5B00A75B9A /* CampusMobile.app */,
				00E356EE1AD99517003FC87E /* CampusMobileTests.xctest */,
			);
			name = Products;
			sourceTree = "<group>";
		};
		B600A3C91F0424CA005CDF85 /* Products */ = {
			isa = PBXGroup;
			children = (
				B600A3ED1F0424CA005CDF85 /* libRNFIRMessaging.a */,
			);
			name = Products;
			sourceTree = "<group>";
		};
		F979D7B91F017DAD0061C674 /* Products */ = {
			isa = PBXGroup;
			children = (
				F979D7C31F017DAE0061C674 /* libRCTGoogleAnalyticsBridge.a */,
			);
			name = Products;
			sourceTree = "<group>";
		};
		F9A4329B1EFDFA9600CB22CB /* Products */ = {
			isa = PBXGroup;
			children = (
				F9A432BF1EFDFA9600CB22CB /* libRNKeychain.a */,
			);
			name = Products;
			sourceTree = "<group>";
		};
		F9F391C11E4E2932004E5113 /* Products */ = {
			isa = PBXGroup;
			children = (
				F9F391DC1E4E2932004E5113 /* libRNVectorIcons.a */,
			);
			name = Products;
			sourceTree = "<group>";
		};
/* End PBXGroup section */

/* Begin PBXNativeTarget section */
		00E356ED1AD99517003FC87E /* CampusMobileTests */ = {
			isa = PBXNativeTarget;
			buildConfigurationList = 00E357021AD99517003FC87E /* Build configuration list for PBXNativeTarget "CampusMobileTests" */;
			buildPhases = (
				00E356EA1AD99517003FC87E /* Sources */,
				00E356EB1AD99517003FC87E /* Frameworks */,
				00E356EC1AD99517003FC87E /* Resources */,
			);
			buildRules = (
			);
			dependencies = (
				00E356F51AD99517003FC87E /* PBXTargetDependency */,
			);
			name = CampusMobileTests;
			productName = CampusMobileTests;
			productReference = 00E356EE1AD99517003FC87E /* CampusMobileTests.xctest */;
			productType = "com.apple.product-type.bundle.unit-test";
		};
		13B07F861A680F5B00A75B9A /* CampusMobile */ = {
			isa = PBXNativeTarget;
			buildConfigurationList = 13B07F931A680F5B00A75B9A /* Build configuration list for PBXNativeTarget "CampusMobile" */;
			buildPhases = (
				788374EC92B250266D707C86 /* [CP] Check Pods Manifest.lock */,
				13B07F871A680F5B00A75B9A /* Sources */,
				13B07F8C1A680F5B00A75B9A /* Frameworks */,
				13B07F8E1A680F5B00A75B9A /* Resources */,
				00DD1BFF1BD5951E006B06BC /* Bundle React Native code and images */,
				E78180CACB36C76995EEA860 /* [CP] Embed Pods Frameworks */,
				0F688E9EA787071877E8343E /* [CP] Copy Pods Resources */,
			);
			buildRules = (
			);
			dependencies = (
			);
			name = CampusMobile;
			productName = "Hello World";
			productReference = 13B07F961A680F5B00A75B9A /* CampusMobile.app */;
			productType = "com.apple.product-type.application";
		};
/* End PBXNativeTarget section */

/* Begin PBXProject section */
		83CBB9F71A601CBA00E9B192 /* Project object */ = {
			isa = PBXProject;
			attributes = {
				LastUpgradeCheck = 820;
				ORGANIZATIONNAME = Facebook;
				TargetAttributes = {
					00E356ED1AD99517003FC87E = {
						CreatedOnToolsVersion = 6.2;
						TestTargetID = 13B07F861A680F5B00A75B9A;
					};
					13B07F861A680F5B00A75B9A = {
						DevelopmentTeam = G789749RTK;
						SystemCapabilities = {
							com.apple.BackgroundModes = {
								enabled = 1;
							};
							com.apple.Keychain = {
								enabled = 1;
							};
							com.apple.Push = {
								enabled = 1;
							};
						};
					};
				};
			};
			buildConfigurationList = 83CBB9FA1A601CBA00E9B192 /* Build configuration list for PBXProject "CampusMobile" */;
			compatibilityVersion = "Xcode 3.2";
			developmentRegion = English;
			hasScannedForEncodings = 0;
			knownRegions = (
				en,
				Base,
			);
			mainGroup = 83CBB9F61A601CBA00E9B192;
			productRefGroup = 83CBBA001A601CBA00E9B192 /* Products */;
			projectDirPath = "";
			projectReferences = (
				{
					ProductGroup = 7763F6561E4A577600D17ABA /* Products */;
					ProjectRef = 86F85D8B9B924A45882DA391 /* AirMaps.xcodeproj */;
				},
				{
					ProductGroup = 3212AC391E96E36900EC125C /* Products */;
					ProjectRef = CD842AF15BCF424FAF6AF841 /* LRDRCTSimpleToast.xcodeproj */;
				},
				{
					ProductGroup = 00C302A81ABCB8CE00DB3ED1 /* Products */;
					ProjectRef = 00C302A71ABCB8CE00DB3ED1 /* RCTActionSheet.xcodeproj */;
				},
				{
					ProductGroup = 5E91572E1DD0AC6500FF2AA8 /* Products */;
					ProjectRef = 5E91572D1DD0AC6500FF2AA8 /* RCTAnimation.xcodeproj */;
				},
				{
					ProductGroup = 00C302B61ABCB90400DB3ED1 /* Products */;
					ProjectRef = 00C302B51ABCB90400DB3ED1 /* RCTGeolocation.xcodeproj */;
				},
				{
					ProductGroup = F979D7B91F017DAD0061C674 /* Products */;
					ProjectRef = 616941E514954A0DA9D0CF55 /* RCTGoogleAnalyticsBridge.xcodeproj */;
				},
				{
					ProductGroup = 00C302BC1ABCB91800DB3ED1 /* Products */;
					ProjectRef = 00C302BB1ABCB91800DB3ED1 /* RCTImage.xcodeproj */;
				},
				{
					ProductGroup = 78C398B11ACF4ADC00677621 /* Products */;
					ProjectRef = 78C398B01ACF4ADC00677621 /* RCTLinking.xcodeproj */;
				},
				{
					ProductGroup = 00C302D41ABCB9D200DB3ED1 /* Products */;
					ProjectRef = 00C302D31ABCB9D200DB3ED1 /* RCTNetwork.xcodeproj */;
				},
				{
					ProductGroup = 139105B71AF99BAD00B5F7CC /* Products */;
					ProjectRef = 139105B61AF99BAD00B5F7CC /* RCTSettings.xcodeproj */;
				},
				{
					ProductGroup = 832341B11AAA6A8300B99B32 /* Products */;
					ProjectRef = 832341B01AAA6A8300B99B32 /* RCTText.xcodeproj */;
				},
				{
					ProductGroup = 00C302E01ABCB9EE00DB3ED1 /* Products */;
					ProjectRef = 00C302DF1ABCB9EE00DB3ED1 /* RCTVibration.xcodeproj */;
				},
				{
					ProductGroup = 139FDEE71B06529A00C62182 /* Products */;
					ProjectRef = 139FDEE61B06529A00C62182 /* RCTWebSocket.xcodeproj */;
				},
				{
					ProductGroup = 146834001AC3E56700842450 /* Products */;
					ProjectRef = 146833FF1AC3E56700842450 /* React.xcodeproj */;
				},
				{
					ProductGroup = 7763F6581E4A577600D17ABA /* Products */;
					ProjectRef = C5325FDC5D0745BEBBF562E6 /* ReactNativePermissions.xcodeproj */;
				},
				{
					ProductGroup = 3212AC671E96E4DC00EC125C /* Products */;
					ProjectRef = E26D9F18FF744B2398E81C7F /* RNCookieManagerIOS.xcodeproj */;
				},
				{
					ProductGroup = 32DE726A1EB29178002F7AAC /* Products */;
					ProjectRef = EE97A121B45144E095B3DC46 /* RNDeviceInfo.xcodeproj */;
				},
				{
					ProductGroup = 77E020A61EFC418700A9941B /* Products */;
					ProjectRef = CB8D6C96DB384AA1957B551C /* RNExitApp.xcodeproj */;
				},
				{
					ProductGroup = B600A3C91F0424CA005CDF85 /* Products */;
					ProjectRef = FC62352DB99A4E29A4F4F3BB /* RNFIRMessaging.xcodeproj */;
				},
				{
					ProductGroup = F9A4329B1EFDFA9600CB22CB /* Products */;
					ProjectRef = 4A2723B48DD84562B8D18F1D /* RNKeychain.xcodeproj */;
				},
				{
					ProductGroup = F9F391C11E4E2932004E5113 /* Products */;
					ProjectRef = B17CBA6DFA004A9BB841180C /* RNVectorIcons.xcodeproj */;
				},
			);
			projectRoot = "";
			targets = (
				13B07F861A680F5B00A75B9A /* CampusMobile */,
				00E356ED1AD99517003FC87E /* CampusMobileTests */,
			);
		};
/* End PBXProject section */

/* Begin PBXReferenceProxy section */
		00C302AC1ABCB8CE00DB3ED1 /* libRCTActionSheet.a */ = {
			isa = PBXReferenceProxy;
			fileType = archive.ar;
			path = libRCTActionSheet.a;
			remoteRef = 00C302AB1ABCB8CE00DB3ED1 /* PBXContainerItemProxy */;
			sourceTree = BUILT_PRODUCTS_DIR;
		};
		00C302BA1ABCB90400DB3ED1 /* libRCTGeolocation.a */ = {
			isa = PBXReferenceProxy;
			fileType = archive.ar;
			path = libRCTGeolocation.a;
			remoteRef = 00C302B91ABCB90400DB3ED1 /* PBXContainerItemProxy */;
			sourceTree = BUILT_PRODUCTS_DIR;
		};
		00C302C01ABCB91800DB3ED1 /* libRCTImage.a */ = {
			isa = PBXReferenceProxy;
			fileType = archive.ar;
			path = libRCTImage.a;
			remoteRef = 00C302BF1ABCB91800DB3ED1 /* PBXContainerItemProxy */;
			sourceTree = BUILT_PRODUCTS_DIR;
		};
		00C302DC1ABCB9D200DB3ED1 /* libRCTNetwork.a */ = {
			isa = PBXReferenceProxy;
			fileType = archive.ar;
			path = libRCTNetwork.a;
			remoteRef = 00C302DB1ABCB9D200DB3ED1 /* PBXContainerItemProxy */;
			sourceTree = BUILT_PRODUCTS_DIR;
		};
		00C302E41ABCB9EE00DB3ED1 /* libRCTVibration.a */ = {
			isa = PBXReferenceProxy;
			fileType = archive.ar;
			path = libRCTVibration.a;
			remoteRef = 00C302E31ABCB9EE00DB3ED1 /* PBXContainerItemProxy */;
			sourceTree = BUILT_PRODUCTS_DIR;
		};
		139105C11AF99BAD00B5F7CC /* libRCTSettings.a */ = {
			isa = PBXReferenceProxy;
			fileType = archive.ar;
			path = libRCTSettings.a;
			remoteRef = 139105C01AF99BAD00B5F7CC /* PBXContainerItemProxy */;
			sourceTree = BUILT_PRODUCTS_DIR;
		};
		139FDEF41B06529B00C62182 /* libRCTWebSocket.a */ = {
			isa = PBXReferenceProxy;
			fileType = archive.ar;
			path = libRCTWebSocket.a;
			remoteRef = 139FDEF31B06529B00C62182 /* PBXContainerItemProxy */;
			sourceTree = BUILT_PRODUCTS_DIR;
		};
		146834041AC3E56700842450 /* libReact.a */ = {
			isa = PBXReferenceProxy;
			fileType = archive.ar;
			path = libReact.a;
			remoteRef = 146834031AC3E56700842450 /* PBXContainerItemProxy */;
			sourceTree = BUILT_PRODUCTS_DIR;
		};
		3212AC3F1E96E36900EC125C /* libLRDRCTSimpleToast.a */ = {
			isa = PBXReferenceProxy;
			fileType = archive.ar;
			path = libLRDRCTSimpleToast.a;
			remoteRef = 3212AC3E1E96E36900EC125C /* PBXContainerItemProxy */;
			sourceTree = BUILT_PRODUCTS_DIR;
		};
		3212AC831E96E4DC00EC125C /* libRNCookieManagerIOS.a */ = {
			isa = PBXReferenceProxy;
			fileType = archive.ar;
			path = libRNCookieManagerIOS.a;
			remoteRef = 3212AC821E96E4DC00EC125C /* PBXContainerItemProxy */;
			sourceTree = BUILT_PRODUCTS_DIR;
		};
		32DE728A1EB29178002F7AAC /* libyoga.a */ = {
			isa = PBXReferenceProxy;
			fileType = archive.ar;
			path = libyoga.a;
			remoteRef = 32DE72891EB29178002F7AAC /* PBXContainerItemProxy */;
			sourceTree = BUILT_PRODUCTS_DIR;
		};
		32DE728C1EB29178002F7AAC /* libyoga.a */ = {
			isa = PBXReferenceProxy;
			fileType = archive.ar;
			path = libyoga.a;
			remoteRef = 32DE728B1EB29178002F7AAC /* PBXContainerItemProxy */;
			sourceTree = BUILT_PRODUCTS_DIR;
		};
		32DE728E1EB29178002F7AAC /* libcxxreact.a */ = {
			isa = PBXReferenceProxy;
			fileType = archive.ar;
			path = libcxxreact.a;
			remoteRef = 32DE728D1EB29178002F7AAC /* PBXContainerItemProxy */;
			sourceTree = BUILT_PRODUCTS_DIR;
		};
		32DE72901EB29178002F7AAC /* libcxxreact.a */ = {
			isa = PBXReferenceProxy;
			fileType = archive.ar;
			path = libcxxreact.a;
			remoteRef = 32DE728F1EB29178002F7AAC /* PBXContainerItemProxy */;
			sourceTree = BUILT_PRODUCTS_DIR;
		};
		32DE72921EB29178002F7AAC /* libjschelpers.a */ = {
			isa = PBXReferenceProxy;
			fileType = archive.ar;
			path = libjschelpers.a;
			remoteRef = 32DE72911EB29178002F7AAC /* PBXContainerItemProxy */;
			sourceTree = BUILT_PRODUCTS_DIR;
		};
		32DE72941EB29178002F7AAC /* libjschelpers.a */ = {
			isa = PBXReferenceProxy;
			fileType = archive.ar;
			path = libjschelpers.a;
			remoteRef = 32DE72931EB29178002F7AAC /* PBXContainerItemProxy */;
			sourceTree = BUILT_PRODUCTS_DIR;
		};
		32DE72991EB29178002F7AAC /* libRNDeviceInfo.a */ = {
			isa = PBXReferenceProxy;
			fileType = archive.ar;
			path = libRNDeviceInfo.a;
			remoteRef = 32DE72981EB29178002F7AAC /* PBXContainerItemProxy */;
			sourceTree = BUILT_PRODUCTS_DIR;
		};
		5E9157331DD0AC6500FF2AA8 /* libRCTAnimation.a */ = {
			isa = PBXReferenceProxy;
			fileType = archive.ar;
			path = libRCTAnimation.a;
			remoteRef = 5E9157321DD0AC6500FF2AA8 /* PBXContainerItemProxy */;
			sourceTree = BUILT_PRODUCTS_DIR;
		};
		5E9157351DD0AC6500FF2AA8 /* libRCTAnimation-tvOS.a */ = {
			isa = PBXReferenceProxy;
			fileType = archive.ar;
			path = "libRCTAnimation-tvOS.a";
			remoteRef = 5E9157341DD0AC6500FF2AA8 /* PBXContainerItemProxy */;
			sourceTree = BUILT_PRODUCTS_DIR;
		};
		773ED0D21E4A3A62006E246C /* libRCTImage-tvOS.a */ = {
			isa = PBXReferenceProxy;
			fileType = archive.ar;
			path = "libRCTImage-tvOS.a";
			remoteRef = 773ED0D11E4A3A62006E246C /* PBXContainerItemProxy */;
			sourceTree = BUILT_PRODUCTS_DIR;
		};
		773ED0D61E4A3A62006E246C /* libRCTLinking-tvOS.a */ = {
			isa = PBXReferenceProxy;
			fileType = archive.ar;
			path = "libRCTLinking-tvOS.a";
			remoteRef = 773ED0D51E4A3A62006E246C /* PBXContainerItemProxy */;
			sourceTree = BUILT_PRODUCTS_DIR;
		};
		773ED0DA1E4A3A62006E246C /* libRCTNetwork-tvOS.a */ = {
			isa = PBXReferenceProxy;
			fileType = archive.ar;
			path = "libRCTNetwork-tvOS.a";
			remoteRef = 773ED0D91E4A3A62006E246C /* PBXContainerItemProxy */;
			sourceTree = BUILT_PRODUCTS_DIR;
		};
		773ED0DE1E4A3A62006E246C /* libRCTSettings-tvOS.a */ = {
			isa = PBXReferenceProxy;
			fileType = archive.ar;
			path = "libRCTSettings-tvOS.a";
			remoteRef = 773ED0DD1E4A3A62006E246C /* PBXContainerItemProxy */;
			sourceTree = BUILT_PRODUCTS_DIR;
		};
		773ED0E21E4A3A62006E246C /* libRCTText-tvOS.a */ = {
			isa = PBXReferenceProxy;
			fileType = archive.ar;
			path = "libRCTText-tvOS.a";
			remoteRef = 773ED0E11E4A3A62006E246C /* PBXContainerItemProxy */;
			sourceTree = BUILT_PRODUCTS_DIR;
		};
		773ED0E71E4A3A62006E246C /* libRCTWebSocket-tvOS.a */ = {
			isa = PBXReferenceProxy;
			fileType = archive.ar;
			path = "libRCTWebSocket-tvOS.a";
			remoteRef = 773ED0E61E4A3A62006E246C /* PBXContainerItemProxy */;
			sourceTree = BUILT_PRODUCTS_DIR;
		};
		773ED0EB1E4A3A62006E246C /* libReact.a */ = {
			isa = PBXReferenceProxy;
			fileType = archive.ar;
			path = libReact.a;
			remoteRef = 773ED0EA1E4A3A62006E246C /* PBXContainerItemProxy */;
			sourceTree = BUILT_PRODUCTS_DIR;
		};
		7763F65C1E4A577600D17ABA /* libAirMaps.a */ = {
			isa = PBXReferenceProxy;
			fileType = archive.ar;
			path = libAirMaps.a;
			remoteRef = 7763F65B1E4A577600D17ABA /* PBXContainerItemProxy */;
			sourceTree = BUILT_PRODUCTS_DIR;
		};
		7763F6721E4A577600D17ABA /* libReactNativePermissions.a */ = {
			isa = PBXReferenceProxy;
			fileType = archive.ar;
			path = libReactNativePermissions.a;
			remoteRef = 7763F6711E4A577600D17ABA /* PBXContainerItemProxy */;
			sourceTree = BUILT_PRODUCTS_DIR;
		};
		77E020CA1EFC418800A9941B /* libRNExitApp.a */ = {
			isa = PBXReferenceProxy;
			fileType = archive.ar;
			path = libRNExitApp.a;
			remoteRef = 77E020C91EFC418800A9941B /* PBXContainerItemProxy */;
			sourceTree = BUILT_PRODUCTS_DIR;
		};
		78C398B91ACF4ADC00677621 /* libRCTLinking.a */ = {
			isa = PBXReferenceProxy;
			fileType = archive.ar;
			path = libRCTLinking.a;
			remoteRef = 78C398B81ACF4ADC00677621 /* PBXContainerItemProxy */;
			sourceTree = BUILT_PRODUCTS_DIR;
		};
		832341B51AAA6A8300B99B32 /* libRCTText.a */ = {
			isa = PBXReferenceProxy;
			fileType = archive.ar;
			path = libRCTText.a;
			remoteRef = 832341B41AAA6A8300B99B32 /* PBXContainerItemProxy */;
			sourceTree = BUILT_PRODUCTS_DIR;
		};
		B600A3ED1F0424CA005CDF85 /* libRNFIRMessaging.a */ = {
			isa = PBXReferenceProxy;
			fileType = archive.ar;
			path = libRNFIRMessaging.a;
			remoteRef = B600A3EC1F0424CA005CDF85 /* PBXContainerItemProxy */;
			sourceTree = BUILT_PRODUCTS_DIR;
		};
		F979D7C31F017DAE0061C674 /* libRCTGoogleAnalyticsBridge.a */ = {
			isa = PBXReferenceProxy;
			fileType = archive.ar;
			path = libRCTGoogleAnalyticsBridge.a;
			remoteRef = F979D7C21F017DAE0061C674 /* PBXContainerItemProxy */;
			sourceTree = BUILT_PRODUCTS_DIR;
		};
		F9A432BF1EFDFA9600CB22CB /* libRNKeychain.a */ = {
			isa = PBXReferenceProxy;
			fileType = archive.ar;
			path = libRNKeychain.a;
			remoteRef = F9A432BE1EFDFA9600CB22CB /* PBXContainerItemProxy */;
			sourceTree = BUILT_PRODUCTS_DIR;
		};
		F9F391DC1E4E2932004E5113 /* libRNVectorIcons.a */ = {
			isa = PBXReferenceProxy;
			fileType = archive.ar;
			path = libRNVectorIcons.a;
			remoteRef = F9F391DB1E4E2932004E5113 /* PBXContainerItemProxy */;
			sourceTree = BUILT_PRODUCTS_DIR;
		};
/* End PBXReferenceProxy section */

/* Begin PBXResourcesBuildPhase section */
		00E356EC1AD99517003FC87E /* Resources */ = {
			isa = PBXResourcesBuildPhase;
			buildActionMask = 2147483647;
			files = (
				B600A3F21F0425AD005CDF85 /* GoogleService-Info.plist in Resources */,
			);
			runOnlyForDeploymentPostprocessing = 0;
		};
		13B07F8E1A680F5B00A75B9A /* Resources */ = {
			isa = PBXResourcesBuildPhase;
			buildActionMask = 2147483647;
			files = (
				B600A3F11F0425AD005CDF85 /* GoogleService-Info.plist in Resources */,
				13B07FBF1A68108700A75B9A /* Images.xcassets in Resources */,
				13B07FBD1A68108700A75B9A /* LaunchScreen.xib in Resources */,
				A51B64909F824363A7000E16 /* Entypo.ttf in Resources */,
				6F934550823F4CFD86B25746 /* EvilIcons.ttf in Resources */,
				B038C13A14254577953C72B8 /* FontAwesome.ttf in Resources */,
				40A90CF67B5B4716BEF1A51D /* Foundation.ttf in Resources */,
				2AC9B1390FDA44F4AAE36696 /* Ionicons.ttf in Resources */,
				77ECC3611EE5D683008210F8 /* MaterialCommunityIcons.ttf in Resources */,
				696A8EABA3114AA78FC811D7 /* MaterialIcons.ttf in Resources */,
				17B8CEC0F8F8468B833E8FEC /* Octicons.ttf in Resources */,
				4C589EA5405841C194902100 /* SimpleLineIcons.ttf in Resources */,
				9D41EEE0777A48D58B46B7B3 /* Zocial.ttf in Resources */,
			);
			runOnlyForDeploymentPostprocessing = 0;
		};
/* End PBXResourcesBuildPhase section */

/* Begin PBXShellScriptBuildPhase section */
		00DD1BFF1BD5951E006B06BC /* Bundle React Native code and images */ = {
			isa = PBXShellScriptBuildPhase;
			buildActionMask = 2147483647;
			files = (
			);
			inputPaths = (
			);
			name = "Bundle React Native code and images";
			outputPaths = (
			);
			runOnlyForDeploymentPostprocessing = 0;
			shellPath = /bin/sh;
			shellScript = "export NODE_BINARY=node\n../node_modules/react-native/packager/react-native-xcode.sh";
		};
		0F688E9EA787071877E8343E /* [CP] Copy Pods Resources */ = {
			isa = PBXShellScriptBuildPhase;
			buildActionMask = 2147483647;
			files = (
			);
			inputPaths = (
			);
			name = "[CP] Copy Pods Resources";
			outputPaths = (
			);
			runOnlyForDeploymentPostprocessing = 0;
			shellPath = /bin/sh;
			shellScript = "\"${SRCROOT}/Pods/Target Support Files/Pods-CampusMobile/Pods-CampusMobile-resources.sh\"\n";
			showEnvVarsInLog = 0;
		};
		788374EC92B250266D707C86 /* [CP] Check Pods Manifest.lock */ = {
			isa = PBXShellScriptBuildPhase;
			buildActionMask = 2147483647;
			files = (
			);
			inputPaths = (
			);
			name = "[CP] Check Pods Manifest.lock";
			outputPaths = (
			);
			runOnlyForDeploymentPostprocessing = 0;
			shellPath = /bin/sh;
			shellScript = "diff \"${PODS_PODFILE_DIR_PATH}/Podfile.lock\" \"${PODS_ROOT}/Manifest.lock\" > /dev/null\nif [ $? != 0 ] ; then\n    # print error to STDERR\n    echo \"error: The sandbox is not in sync with the Podfile.lock. Run 'pod install' or update your CocoaPods installation.\" >&2\n    exit 1\nfi\n";
			showEnvVarsInLog = 0;
		};
		E78180CACB36C76995EEA860 /* [CP] Embed Pods Frameworks */ = {
			isa = PBXShellScriptBuildPhase;
			buildActionMask = 2147483647;
			files = (
			);
			inputPaths = (
			);
			name = "[CP] Embed Pods Frameworks";
			outputPaths = (
			);
			runOnlyForDeploymentPostprocessing = 0;
			shellPath = /bin/sh;
			shellScript = "\"${SRCROOT}/Pods/Target Support Files/Pods-CampusMobile/Pods-CampusMobile-frameworks.sh\"\n";
			showEnvVarsInLog = 0;
		};
/* End PBXShellScriptBuildPhase section */

/* Begin PBXSourcesBuildPhase section */
		00E356EA1AD99517003FC87E /* Sources */ = {
			isa = PBXSourcesBuildPhase;
			buildActionMask = 2147483647;
			files = (
				00E356F31AD99517003FC87E /* CampusMobileTests.m in Sources */,
			);
			runOnlyForDeploymentPostprocessing = 0;
		};
		13B07F871A680F5B00A75B9A /* Sources */ = {
			isa = PBXSourcesBuildPhase;
			buildActionMask = 2147483647;
			files = (
				13B07FBC1A68108700A75B9A /* AppDelegate.m in Sources */,
				13B07FC11A68108700A75B9A /* main.m in Sources */,
			);
			runOnlyForDeploymentPostprocessing = 0;
		};
/* End PBXSourcesBuildPhase section */

/* Begin PBXTargetDependency section */
		00E356F51AD99517003FC87E /* PBXTargetDependency */ = {
			isa = PBXTargetDependency;
			target = 13B07F861A680F5B00A75B9A /* CampusMobile */;
			targetProxy = 00E356F41AD99517003FC87E /* PBXContainerItemProxy */;
		};
/* End PBXTargetDependency section */

/* Begin PBXVariantGroup section */
		13B07FB11A68108700A75B9A /* LaunchScreen.xib */ = {
			isa = PBXVariantGroup;
			children = (
				13B07FB21A68108700A75B9A /* Base */,
			);
			name = LaunchScreen.xib;
			path = CampusMobile;
			sourceTree = "<group>";
		};
/* End PBXVariantGroup section */

/* Begin XCBuildConfiguration section */
		00E356F61AD99517003FC87E /* Debug */ = {
			isa = XCBuildConfiguration;
			buildSettings = {
				BUNDLE_LOADER = "$(TEST_HOST)";
				GCC_PREPROCESSOR_DEFINITIONS = (
					"DEBUG=1",
					"$(inherited)",
				);
				INFOPLIST_FILE = CampusMobileTests/Info.plist;
				IPHONEOS_DEPLOYMENT_TARGET = 8.0;
				LD_RUNPATH_SEARCH_PATHS = "$(inherited) @executable_path/Frameworks @loader_path/Frameworks";
				LIBRARY_SEARCH_PATHS = (
					"$(inherited)",
					"\"$(SRCROOT)/$(TARGET_NAME)\"",
					"\"$(SRCROOT)/$(TARGET_NAME)\"",
				);
				PRODUCT_BUNDLE_IDENTIFIER = "org.reactjs.native.example.$(PRODUCT_NAME:rfc1034identifier)";
				PRODUCT_NAME = "$(TARGET_NAME)";
				TEST_HOST = "$(BUILT_PRODUCTS_DIR)/CampusMobile.app/CampusMobile";
			};
			name = Debug;
		};
		00E356F71AD99517003FC87E /* Release */ = {
			isa = XCBuildConfiguration;
			buildSettings = {
				BUNDLE_LOADER = "$(TEST_HOST)";
				COPY_PHASE_STRIP = NO;
				INFOPLIST_FILE = CampusMobileTests/Info.plist;
				IPHONEOS_DEPLOYMENT_TARGET = 8.0;
				LD_RUNPATH_SEARCH_PATHS = "$(inherited) @executable_path/Frameworks @loader_path/Frameworks";
				LIBRARY_SEARCH_PATHS = (
					"$(inherited)",
					"\"$(SRCROOT)/$(TARGET_NAME)\"",
					"\"$(SRCROOT)/$(TARGET_NAME)\"",
				);
				PRODUCT_BUNDLE_IDENTIFIER = "org.reactjs.native.example.$(PRODUCT_NAME:rfc1034identifier)";
				PRODUCT_NAME = "$(TARGET_NAME)";
				TEST_HOST = "$(BUILT_PRODUCTS_DIR)/CampusMobile.app/CampusMobile";
			};
			name = Release;
		};
		13B07F941A680F5B00A75B9A /* Debug */ = {
			isa = XCBuildConfiguration;
			baseConfigurationReference = A650824E9A2E25979A3A0FBD /* Pods-CampusMobile.debug.xcconfig */;
			buildSettings = {
				ASSETCATALOG_COMPILER_APPICON_NAME = AppIcon;
				ASSETCATALOG_COMPILER_LAUNCHIMAGE_NAME = LaunchImage;
				CODE_SIGN_ENTITLEMENTS = CampusMobile/CampusMobile.entitlements;
				CURRENT_PROJECT_VERSION = 1;
				DEAD_CODE_STRIPPING = NO;
				DEVELOPMENT_TEAM = G789749RTK;
				HEADER_SEARCH_PATHS = (
					"$(inherited)",
					"$(SRCROOT)/../node_modules/react-native-device-info/RNDeviceInfo",
					"$(SRCROOT)/../node_modules/react-native-device-info/RNDeviceInfo",
					"$(SRCROOT)/../node_modules/react-native-keychain/RNKeychainManager",
					"$(SRCROOT)/../node_modules/react-native-google-analytics-bridge/ios/RCTGoogleAnalyticsBridge/**",
					"$(SRCROOT)/../node_modules/react-native-fcm/ios",
				);
				INFOPLIST_FILE = CampusMobile/Info.plist;
				IPHONEOS_DEPLOYMENT_TARGET = 8.0;
				LD_RUNPATH_SEARCH_PATHS = "$(inherited) @executable_path/Frameworks";
				OTHER_LDFLAGS = (
					"$(inherited)",
					"-ObjC",
					"-lc++",
				);
				PRODUCT_BUNDLE_IDENTIFIER = edu.ucsd.ucsandiego;
				PRODUCT_NAME = CampusMobile;
				TARGETED_DEVICE_FAMILY = "1,2";
				VERSIONING_SYSTEM = "apple-generic";
			};
			name = Debug;
		};
		13B07F951A680F5B00A75B9A /* Release */ = {
			isa = XCBuildConfiguration;
			baseConfigurationReference = CA921F87133A50F9C106CB8E /* Pods-CampusMobile.release.xcconfig */;
			buildSettings = {
				ASSETCATALOG_COMPILER_APPICON_NAME = AppIcon;
				ASSETCATALOG_COMPILER_LAUNCHIMAGE_NAME = LaunchImage;
				CODE_SIGN_ENTITLEMENTS = CampusMobile/CampusMobile.entitlements;
				CURRENT_PROJECT_VERSION = 1;
				DEAD_CODE_STRIPPING = NO;
				DEVELOPMENT_TEAM = G789749RTK;
				HEADER_SEARCH_PATHS = (
					"$(inherited)",
					"$(SRCROOT)/../node_modules/react-native-device-info/RNDeviceInfo",
					"$(SRCROOT)/../node_modules/react-native-device-info/RNDeviceInfo",
					"$(SRCROOT)/../node_modules/react-native-keychain/RNKeychainManager",
					"$(SRCROOT)/../node_modules/react-native-google-analytics-bridge/ios/RCTGoogleAnalyticsBridge/**",
					"$(SRCROOT)/../node_modules/react-native-fcm/ios",
				);
				INFOPLIST_FILE = CampusMobile/Info.plist;
				IPHONEOS_DEPLOYMENT_TARGET = 8.0;
				LD_RUNPATH_SEARCH_PATHS = "$(inherited) @executable_path/Frameworks";
				OTHER_LDFLAGS = (
					"$(inherited)",
					"-ObjC",
					"-lc++",
				);
				PRODUCT_BUNDLE_IDENTIFIER = edu.ucsd.ucsandiego;
				PRODUCT_NAME = CampusMobile;
				TARGETED_DEVICE_FAMILY = "1,2";
				VERSIONING_SYSTEM = "apple-generic";
			};
			name = Release;
		};
		83CBBA201A601CBA00E9B192 /* Debug */ = {
			isa = XCBuildConfiguration;
			buildSettings = {
				ALWAYS_SEARCH_USER_PATHS = NO;
				CLANG_CXX_LANGUAGE_STANDARD = "gnu++0x";
				CLANG_CXX_LIBRARY = "libc++";
				CLANG_ENABLE_MODULES = YES;
				CLANG_ENABLE_OBJC_ARC = YES;
				CLANG_WARN_BOOL_CONVERSION = YES;
				CLANG_WARN_CONSTANT_CONVERSION = YES;
				CLANG_WARN_DIRECT_OBJC_ISA_USAGE = YES_ERROR;
				CLANG_WARN_EMPTY_BODY = YES;
				CLANG_WARN_ENUM_CONVERSION = YES;
				CLANG_WARN_INFINITE_RECURSION = YES;
				CLANG_WARN_INT_CONVERSION = YES;
				CLANG_WARN_OBJC_ROOT_CLASS = YES_ERROR;
				CLANG_WARN_SUSPICIOUS_MOVE = YES;
				CLANG_WARN_UNREACHABLE_CODE = YES;
				CLANG_WARN__DUPLICATE_METHOD_MATCH = YES;
				"CODE_SIGN_IDENTITY[sdk=iphoneos*]" = "iPhone Developer";
				COPY_PHASE_STRIP = NO;
				ENABLE_STRICT_OBJC_MSGSEND = YES;
				ENABLE_TESTABILITY = YES;
				GCC_C_LANGUAGE_STANDARD = gnu99;
				GCC_DYNAMIC_NO_PIC = NO;
				GCC_NO_COMMON_BLOCKS = YES;
				GCC_OPTIMIZATION_LEVEL = 0;
				GCC_PREPROCESSOR_DEFINITIONS = (
					"DEBUG=1",
					"$(inherited)",
				);
				GCC_SYMBOLS_PRIVATE_EXTERN = NO;
				GCC_WARN_64_TO_32_BIT_CONVERSION = YES;
				GCC_WARN_ABOUT_RETURN_TYPE = YES_ERROR;
				GCC_WARN_UNDECLARED_SELECTOR = YES;
				GCC_WARN_UNINITIALIZED_AUTOS = YES_AGGRESSIVE;
				GCC_WARN_UNUSED_FUNCTION = YES;
				GCC_WARN_UNUSED_VARIABLE = YES;
				HEADER_SEARCH_PATHS = (
					"$(inherited)",
					"$(SRCROOT)/../node_modules/react-native/React/**",
					"$(SRCROOT)/../node_modules/react-native/ReactCommon/**",
					"$(SRCROOT)/../node_modules/react-native-maps/ios/**",
					"$(SRCROOT)/../node_modules/react-native-permissions/**",
					"$(SRCROOT)/../node_modules/react-native-code-push/ios/CodePush/**",
					"$(SRCROOT)/../node_modules/react-native-google-analytics-bridge/ios/RCTGoogleAnalyticsBridge/**",
					"$(SRCROOT)/../node_modules/react-native-vector-icons/RNVectorIconsManager",
					"$(SRCROOT)/../node_modules/react-native-simple-toast/ios/LRDRCTSimpleToast",
					"$(SRCROOT)/../node_modules/react-native-cookies/RNCookieManagerIOS",
				);
				IPHONEOS_DEPLOYMENT_TARGET = 8.0;
				MTL_ENABLE_DEBUG_INFO = YES;
				ONLY_ACTIVE_ARCH = YES;
				SDKROOT = iphoneos;
			};
			name = Debug;
		};
		83CBBA211A601CBA00E9B192 /* Release */ = {
			isa = XCBuildConfiguration;
			buildSettings = {
				ALWAYS_SEARCH_USER_PATHS = NO;
				CLANG_CXX_LANGUAGE_STANDARD = "gnu++0x";
				CLANG_CXX_LIBRARY = "libc++";
				CLANG_ENABLE_MODULES = YES;
				CLANG_ENABLE_OBJC_ARC = YES;
				CLANG_WARN_BOOL_CONVERSION = YES;
				CLANG_WARN_CONSTANT_CONVERSION = YES;
				CLANG_WARN_DIRECT_OBJC_ISA_USAGE = YES_ERROR;
				CLANG_WARN_EMPTY_BODY = YES;
				CLANG_WARN_ENUM_CONVERSION = YES;
				CLANG_WARN_INFINITE_RECURSION = YES;
				CLANG_WARN_INT_CONVERSION = YES;
				CLANG_WARN_OBJC_ROOT_CLASS = YES_ERROR;
				CLANG_WARN_SUSPICIOUS_MOVE = YES;
				CLANG_WARN_UNREACHABLE_CODE = YES;
				CLANG_WARN__DUPLICATE_METHOD_MATCH = YES;
				"CODE_SIGN_IDENTITY[sdk=iphoneos*]" = "iPhone Developer";
				COPY_PHASE_STRIP = YES;
				ENABLE_NS_ASSERTIONS = NO;
				ENABLE_STRICT_OBJC_MSGSEND = YES;
				GCC_C_LANGUAGE_STANDARD = gnu99;
				GCC_NO_COMMON_BLOCKS = YES;
				GCC_WARN_64_TO_32_BIT_CONVERSION = YES;
				GCC_WARN_ABOUT_RETURN_TYPE = YES_ERROR;
				GCC_WARN_UNDECLARED_SELECTOR = YES;
				GCC_WARN_UNINITIALIZED_AUTOS = YES_AGGRESSIVE;
				GCC_WARN_UNUSED_FUNCTION = YES;
				GCC_WARN_UNUSED_VARIABLE = YES;
				HEADER_SEARCH_PATHS = (
					"$(inherited)",
					"$(SRCROOT)/../node_modules/react-native/React/**",
					"$(SRCROOT)/../node_modules/react-native/ReactCommon/**",
					"$(SRCROOT)/../node_modules/react-native-maps/ios/**",
					"$(SRCROOT)/../node_modules/react-native-permissions/**",
					"$(SRCROOT)/../node_modules/react-native-code-push/ios/CodePush/**",
					"$(SRCROOT)/../node_modules/react-native-google-analytics-bridge/ios/RCTGoogleAnalyticsBridge/**",
					"$(SRCROOT)/../node_modules/react-native-vector-icons/RNVectorIconsManager",
					"$(SRCROOT)/../node_modules/react-native-simple-toast/ios/LRDRCTSimpleToast",
					"$(SRCROOT)/../node_modules/react-native-cookies/RNCookieManagerIOS",
				);
				IPHONEOS_DEPLOYMENT_TARGET = 8.0;
				MTL_ENABLE_DEBUG_INFO = NO;
				SDKROOT = iphoneos;
				VALIDATE_PRODUCT = YES;
			};
			name = Release;
		};
/* End XCBuildConfiguration section */

/* Begin XCConfigurationList section */
		00E357021AD99517003FC87E /* Build configuration list for PBXNativeTarget "CampusMobileTests" */ = {
			isa = XCConfigurationList;
			buildConfigurations = (
				00E356F61AD99517003FC87E /* Debug */,
				00E356F71AD99517003FC87E /* Release */,
			);
			defaultConfigurationIsVisible = 0;
			defaultConfigurationName = Release;
		};
		13B07F931A680F5B00A75B9A /* Build configuration list for PBXNativeTarget "CampusMobile" */ = {
			isa = XCConfigurationList;
			buildConfigurations = (
				13B07F941A680F5B00A75B9A /* Debug */,
				13B07F951A680F5B00A75B9A /* Release */,
			);
			defaultConfigurationIsVisible = 0;
			defaultConfigurationName = Release;
		};
		83CBB9FA1A601CBA00E9B192 /* Build configuration list for PBXProject "CampusMobile" */ = {
			isa = XCConfigurationList;
			buildConfigurations = (
				83CBBA201A601CBA00E9B192 /* Debug */,
				83CBBA211A601CBA00E9B192 /* Release */,
			);
			defaultConfigurationIsVisible = 0;
			defaultConfigurationName = Release;
		};
/* End XCConfigurationList section */
	};
	rootObject = 83CBB9F71A601CBA00E9B192 /* Project object */;
}
